// !$*UTF8*$!
{
	archiveVersion = 1;
	classes = {
	};
	objectVersion = 56;
	objects = {

/* Begin PBXBuildFile section */
		1C04C18D29DEEC5900E381C2 /* GlassModalViewController.swift in Sources */ = {isa = PBXBuildFile; fileRef = 1C04C18C29DEEC5900E381C2 /* GlassModalViewController.swift */; };
		1C04C18F29DEEC6200E381C2 /* BuildModalViewController.swift in Sources */ = {isa = PBXBuildFile; fileRef = 1C04C18E29DEEC6200E381C2 /* BuildModalViewController.swift */; };
		1C04C19129DEEC6F00E381C2 /* ToolModalViewController.swift in Sources */ = {isa = PBXBuildFile; fileRef = 1C04C19029DEEC6F00E381C2 /* ToolModalViewController.swift */; };
		1C04C19329DEECF800E381C2 /* TabBarController.swift in Sources */ = {isa = PBXBuildFile; fileRef = 1C04C19229DEECF800E381C2 /* TabBarController.swift */; };
		1C04C19629DEED2700E381C2 /* HomeBarViewController.swift in Sources */ = {isa = PBXBuildFile; fileRef = 1C04C19529DEED2700E381C2 /* HomeBarViewController.swift */; };
		1C04C19829DEED3300E381C2 /* CocktailViewController.swift in Sources */ = {isa = PBXBuildFile; fileRef = 1C04C19729DEED3300E381C2 /* CocktailViewController.swift */; };
		1C04C19A29DEED3D00E381C2 /* MainViewController.swift in Sources */ = {isa = PBXBuildFile; fileRef = 1C04C19929DEED3D00E381C2 /* MainViewController.swift */; };
		1C04C19C29DEEDAE00E381C2 /* LoggedInCell.swift in Sources */ = {isa = PBXBuildFile; fileRef = 1C04C19B29DEEDAE00E381C2 /* LoggedInCell.swift */; };
		1C04C19F29DEF79900E381C2 /* SnapKit in Frameworks */ = {isa = PBXBuildFile; productRef = 1C04C19E29DEF79900E381C2 /* SnapKit */; };
		1C04C1A129DEF79900E381C2 /* SnapKit-Dynamic in Frameworks */ = {isa = PBXBuildFile; productRef = 1C04C1A029DEF79900E381C2 /* SnapKit-Dynamic */; };
		1C5CAAD029DB1AE30053F19A /* AppDelegate.swift in Sources */ = {isa = PBXBuildFile; fileRef = 1C5CAACF29DB1AE30053F19A /* AppDelegate.swift */; };
		1C5CAAD229DB1AE30053F19A /* SceneDelegate.swift in Sources */ = {isa = PBXBuildFile; fileRef = 1C5CAAD129DB1AE30053F19A /* SceneDelegate.swift */; };
		1C5CAAD429DB1AE30053F19A /* ViewController.swift in Sources */ = {isa = PBXBuildFile; fileRef = 1C5CAAD329DB1AE30053F19A /* ViewController.swift */; };
		1C5CAAD929DB1AE50053F19A /* Assets.xcassets in Resources */ = {isa = PBXBuildFile; fileRef = 1C5CAAD829DB1AE50053F19A /* Assets.xcassets */; };
		1C5CAADC29DB1AE50053F19A /* LaunchScreen.storyboard in Resources */ = {isa = PBXBuildFile; fileRef = 1C5CAADA29DB1AE50053F19A /* LaunchScreen.storyboard */; };
		1C5CAAE529DB1F710053F19A /* KakaoSDK in Frameworks */ = {isa = PBXBuildFile; productRef = 1C5CAAE429DB1F710053F19A /* KakaoSDK */; };
		1C5CAAE729DB1F710053F19A /* KakaoSDKAuth in Frameworks */ = {isa = PBXBuildFile; productRef = 1C5CAAE629DB1F710053F19A /* KakaoSDKAuth */; };
		1C5CAAE929DB1F710053F19A /* KakaoSDKCommon in Frameworks */ = {isa = PBXBuildFile; productRef = 1C5CAAE829DB1F710053F19A /* KakaoSDKCommon */; };
		1C5CAAEB29DB1F710053F19A /* KakaoSDKNavi in Frameworks */ = {isa = PBXBuildFile; productRef = 1C5CAAEA29DB1F710053F19A /* KakaoSDKNavi */; };
		1C5CAAED29DB1F710053F19A /* KakaoSDKShare in Frameworks */ = {isa = PBXBuildFile; productRef = 1C5CAAEC29DB1F710053F19A /* KakaoSDKShare */; };
		1C5CAAEF29DB1F710053F19A /* KakaoSDKStory in Frameworks */ = {isa = PBXBuildFile; productRef = 1C5CAAEE29DB1F710053F19A /* KakaoSDKStory */; };
		1C5CAAF129DB1F710053F19A /* KakaoSDKTalk in Frameworks */ = {isa = PBXBuildFile; productRef = 1C5CAAF029DB1F710053F19A /* KakaoSDKTalk */; };
		1C5CAAF329DB1F710053F19A /* KakaoSDKTemplate in Frameworks */ = {isa = PBXBuildFile; productRef = 1C5CAAF229DB1F710053F19A /* KakaoSDKTemplate */; };
		1C5CAAF529DB1F710053F19A /* KakaoSDKUser in Frameworks */ = {isa = PBXBuildFile; productRef = 1C5CAAF429DB1F710053F19A /* KakaoSDKUser */; };
		1C5CAB0129DB51680053F19A /* EndpointMakeable.swift in Sources */ = {isa = PBXBuildFile; fileRef = 1C5CAB0029DB51680053F19A /* EndpointMakeable.swift */; };
		1C5CAB0429DB51D10053F19A /* PreferCocktailRepository.swift in Sources */ = {isa = PBXBuildFile; fileRef = 1C5CAB0329DB51D10053F19A /* PreferCocktailRepository.swift */; };
		1C5CAB0629DB51D50053F19A /* LoginRepository.swift in Sources */ = {isa = PBXBuildFile; fileRef = 1C5CAB0529DB51D50053F19A /* LoginRepository.swift */; };
		1C5CAB0829DB51DD0053F19A /* MainRepository.swift in Sources */ = {isa = PBXBuildFile; fileRef = 1C5CAB0729DB51DD0053F19A /* MainRepository.swift */; };
		1C5CAB0C29DB52700053F19A /* ProductRepository.swift in Sources */ = {isa = PBXBuildFile; fileRef = 1C5CAB0B29DB52700053F19A /* ProductRepository.swift */; };
		1C5CAB0E29DB52770053F19A /* ToolModalRepository.swift in Sources */ = {isa = PBXBuildFile; fileRef = 1C5CAB0D29DB52770053F19A /* ToolModalRepository.swift */; };
		1C5CAB1029DB52800053F19A /* IngredientModalRepository.swift in Sources */ = {isa = PBXBuildFile; fileRef = 1C5CAB0F29DB52800053F19A /* IngredientModalRepository.swift */; };
		1C5CAB1229DB52880053F19A /* SkillModalRepository.swift in Sources */ = {isa = PBXBuildFile; fileRef = 1C5CAB1129DB52870053F19A /* SkillModalRepository.swift */; };
		1C5CAB1429DB52E30053F19A /* MainViewRepository.swift in Sources */ = {isa = PBXBuildFile; fileRef = 1C5CAB1329DB52E30053F19A /* MainViewRepository.swift */; };
/* End PBXBuildFile section */

/* Begin PBXFileReference section */
		1C04C18C29DEEC5900E381C2 /* GlassModalViewController.swift */ = {isa = PBXFileReference; lastKnownFileType = sourcecode.swift; path = GlassModalViewController.swift; sourceTree = "<group>"; };
		1C04C18E29DEEC6200E381C2 /* BuildModalViewController.swift */ = {isa = PBXFileReference; lastKnownFileType = sourcecode.swift; path = BuildModalViewController.swift; sourceTree = "<group>"; };
		1C04C19029DEEC6F00E381C2 /* ToolModalViewController.swift */ = {isa = PBXFileReference; lastKnownFileType = sourcecode.swift; path = ToolModalViewController.swift; sourceTree = "<group>"; };
		1C04C19229DEECF800E381C2 /* TabBarController.swift */ = {isa = PBXFileReference; lastKnownFileType = sourcecode.swift; path = TabBarController.swift; sourceTree = "<group>"; };
		1C04C19529DEED2700E381C2 /* HomeBarViewController.swift */ = {isa = PBXFileReference; lastKnownFileType = sourcecode.swift; path = HomeBarViewController.swift; sourceTree = "<group>"; };
		1C04C19729DEED3300E381C2 /* CocktailViewController.swift */ = {isa = PBXFileReference; lastKnownFileType = sourcecode.swift; path = CocktailViewController.swift; sourceTree = "<group>"; };
		1C04C19929DEED3D00E381C2 /* MainViewController.swift */ = {isa = PBXFileReference; lastKnownFileType = sourcecode.swift; path = MainViewController.swift; sourceTree = "<group>"; };
		1C04C19B29DEEDAE00E381C2 /* LoggedInCell.swift */ = {isa = PBXFileReference; lastKnownFileType = sourcecode.swift; path = LoggedInCell.swift; sourceTree = "<group>"; };
		1C5CAACC29DB1AE30053F19A /* Drinkin.app */ = {isa = PBXFileReference; explicitFileType = wrapper.application; includeInIndex = 0; path = Drinkin.app; sourceTree = BUILT_PRODUCTS_DIR; };
		1C5CAACF29DB1AE30053F19A /* AppDelegate.swift */ = {isa = PBXFileReference; lastKnownFileType = sourcecode.swift; path = AppDelegate.swift; sourceTree = "<group>"; };
		1C5CAAD129DB1AE30053F19A /* SceneDelegate.swift */ = {isa = PBXFileReference; lastKnownFileType = sourcecode.swift; path = SceneDelegate.swift; sourceTree = "<group>"; };
		1C5CAAD329DB1AE30053F19A /* ViewController.swift */ = {isa = PBXFileReference; lastKnownFileType = sourcecode.swift; path = ViewController.swift; sourceTree = "<group>"; };
		1C5CAAD829DB1AE50053F19A /* Assets.xcassets */ = {isa = PBXFileReference; lastKnownFileType = folder.assetcatalog; path = Assets.xcassets; sourceTree = "<group>"; };
		1C5CAADB29DB1AE50053F19A /* Base */ = {isa = PBXFileReference; lastKnownFileType = file.storyboard; name = Base; path = Base.lproj/LaunchScreen.storyboard; sourceTree = "<group>"; };
		1C5CAADD29DB1AE50053F19A /* Info.plist */ = {isa = PBXFileReference; lastKnownFileType = text.plist.xml; path = Info.plist; sourceTree = "<group>"; };
		1C5CAAF629DB208A0053F19A /* Config.xcconfig */ = {isa = PBXFileReference; lastKnownFileType = text.xcconfig; path = Config.xcconfig; sourceTree = "<group>"; };
		1C5CAB0029DB51680053F19A /* EndpointMakeable.swift */ = {isa = PBXFileReference; lastKnownFileType = sourcecode.swift; path = EndpointMakeable.swift; sourceTree = "<group>"; };
		1C5CAB0329DB51D10053F19A /* PreferCocktailRepository.swift */ = {isa = PBXFileReference; lastKnownFileType = sourcecode.swift; path = PreferCocktailRepository.swift; sourceTree = "<group>"; };
		1C5CAB0529DB51D50053F19A /* LoginRepository.swift */ = {isa = PBXFileReference; lastKnownFileType = sourcecode.swift; path = LoginRepository.swift; sourceTree = "<group>"; };
		1C5CAB0729DB51DD0053F19A /* MainRepository.swift */ = {isa = PBXFileReference; lastKnownFileType = sourcecode.swift; path = MainRepository.swift; sourceTree = "<group>"; };
		1C5CAB0B29DB52700053F19A /* ProductRepository.swift */ = {isa = PBXFileReference; lastKnownFileType = sourcecode.swift; path = ProductRepository.swift; sourceTree = "<group>"; };
		1C5CAB0D29DB52770053F19A /* ToolModalRepository.swift */ = {isa = PBXFileReference; lastKnownFileType = sourcecode.swift; path = ToolModalRepository.swift; sourceTree = "<group>"; };
		1C5CAB0F29DB52800053F19A /* IngredientModalRepository.swift */ = {isa = PBXFileReference; lastKnownFileType = sourcecode.swift; path = IngredientModalRepository.swift; sourceTree = "<group>"; };
		1C5CAB1129DB52870053F19A /* SkillModalRepository.swift */ = {isa = PBXFileReference; lastKnownFileType = sourcecode.swift; path = SkillModalRepository.swift; sourceTree = "<group>"; };
		1C5CAB1329DB52E30053F19A /* MainViewRepository.swift */ = {isa = PBXFileReference; lastKnownFileType = sourcecode.swift; path = MainViewRepository.swift; sourceTree = "<group>"; };
/* End PBXFileReference section */

/* Begin PBXFrameworksBuildPhase section */
		1C5CAAC929DB1AE30053F19A /* Frameworks */ = {
			isa = PBXFrameworksBuildPhase;
			buildActionMask = 2147483647;
			files = (
				1C5CAAE529DB1F710053F19A /* KakaoSDK in Frameworks */,
				1C5CAAF129DB1F710053F19A /* KakaoSDKTalk in Frameworks */,
				1C5CAAE929DB1F710053F19A /* KakaoSDKCommon in Frameworks */,
				1C5CAAED29DB1F710053F19A /* KakaoSDKShare in Frameworks */,
				1C5CAAE729DB1F710053F19A /* KakaoSDKAuth in Frameworks */,
				1C5CAAF329DB1F710053F19A /* KakaoSDKTemplate in Frameworks */,
				1C5CAAEB29DB1F710053F19A /* KakaoSDKNavi in Frameworks */,
				1C5CAAEF29DB1F710053F19A /* KakaoSDKStory in Frameworks */,
				1C5CAAF529DB1F710053F19A /* KakaoSDKUser in Frameworks */,
				1C04C1A129DEF79900E381C2 /* SnapKit-Dynamic in Frameworks */,
				1C04C19F29DEF79900E381C2 /* SnapKit in Frameworks */,
			);
			runOnlyForDeploymentPostprocessing = 0;
		};
/* End PBXFrameworksBuildPhase section */

/* Begin PBXGroup section */
		1C04C18229DEEC2200E381C2 /* New Group */ = {
			isa = PBXGroup;
			children = (
			);
			path = "New Group";
			sourceTree = "<group>";
		};
		1C04C18429DEEC2D00E381C2 /* New Group1 */ = {
			isa = PBXGroup;
			children = (
			);
			path = "New Group1";
			sourceTree = "<group>";
		};
		1C04C18529DEEC2F00E381C2 /* New Group2 */ = {
			isa = PBXGroup;
			children = (
			);
			path = "New Group2";
			sourceTree = "<group>";
		};
		1C04C18629DEEC3100E381C2 /* New Group3 */ = {
			isa = PBXGroup;
			children = (
			);
			path = "New Group3";
			sourceTree = "<group>";
		};
		1C04C18729DEEC3400E381C2 /* New Group4 */ = {
			isa = PBXGroup;
			children = (
			);
			path = "New Group4";
			sourceTree = "<group>";
		};
		1C04C18829DEEC3700E381C2 /* New Group5 */ = {
			isa = PBXGroup;
			children = (
			);
			path = "New Group5";
			sourceTree = "<group>";
		};
		1C04C18929DEEC3A00E381C2 /* New Group6 */ = {
			isa = PBXGroup;
			children = (
			);
			path = "New Group6";
			sourceTree = "<group>";
		};
		1C04C18A29DEEC3C00E381C2 /* TabBar */ = {
			isa = PBXGroup;
			children = (
				1C04C19429DEED0500E381C2 /* TabBarCore */,
				1C04C19229DEECF800E381C2 /* TabBarController.swift */,
			);
			path = TabBar;
			sourceTree = "<group>";
		};
		1C04C18B29DEEC3F00E381C2 /* ModalView */ = {
			isa = PBXGroup;
			children = (
				1C04C18C29DEEC5900E381C2 /* GlassModalViewController.swift */,
				1C04C18E29DEEC6200E381C2 /* BuildModalViewController.swift */,
				1C04C19029DEEC6F00E381C2 /* ToolModalViewController.swift */,
			);
			path = ModalView;
			sourceTree = "<group>";
		};
		1C04C19429DEED0500E381C2 /* TabBarCore */ = {
			isa = PBXGroup;
			children = (
				1C04C19529DEED2700E381C2 /* HomeBarViewController.swift */,
				1C04C19729DEED3300E381C2 /* CocktailViewController.swift */,
				1C04C19929DEED3D00E381C2 /* MainViewController.swift */,
				1C04C19B29DEEDAE00E381C2 /* LoggedInCell.swift */,
			);
			path = TabBarCore;
			sourceTree = "<group>";
		};
		1C5CAAC329DB1AE30053F19A = {
			isa = PBXGroup;
			children = (
				1C5CAACE29DB1AE30053F19A /* Drinkin */,
				1C5CAACD29DB1AE30053F19A /* Products */,
			);
			sourceTree = "<group>";
		};
		1C5CAACD29DB1AE30053F19A /* Products */ = {
			isa = PBXGroup;
			children = (
				1C5CAACC29DB1AE30053F19A /* Drinkin.app */,
			);
			name = Products;
			sourceTree = "<group>";
		};
		1C5CAACE29DB1AE30053F19A /* Drinkin */ = {
			isa = PBXGroup;
			children = (
				1C5CAAFF29DB51560053F19A /* Network */,
				1C5CAAFB29DB50CC0053F19A /* Data */,
				1C5CAAF929DB50A80053F19A /* Domain */,
				1C5CAAFA29DB50B00053F19A /* View */,
				1C5CAACF29DB1AE30053F19A /* AppDelegate.swift */,
				1C5CAAD129DB1AE30053F19A /* SceneDelegate.swift */,
				1C5CAAD329DB1AE30053F19A /* ViewController.swift */,
				1C5CAAD829DB1AE50053F19A /* Assets.xcassets */,
				1C5CAADA29DB1AE50053F19A /* LaunchScreen.storyboard */,
				1C5CAADD29DB1AE50053F19A /* Info.plist */,
				1C5CAAF629DB208A0053F19A /* Config.xcconfig */,
			);
			path = Drinkin;
			sourceTree = "<group>";
		};
		1C5CAAF929DB50A80053F19A /* Domain */ = {
			isa = PBXGroup;
			children = (
			);
			path = Domain;
			sourceTree = "<group>";
		};
		1C5CAAFA29DB50B00053F19A /* View */ = {
			isa = PBXGroup;
			children = (
				1C04C18B29DEEC3F00E381C2 /* ModalView */,
				1C04C18A29DEEC3C00E381C2 /* TabBar */,
				1C04C18929DEEC3A00E381C2 /* New Group6 */,
				1C04C18829DEEC3700E381C2 /* New Group5 */,
				1C04C18729DEEC3400E381C2 /* New Group4 */,
				1C04C18629DEEC3100E381C2 /* New Group3 */,
				1C04C18529DEEC2F00E381C2 /* New Group2 */,
				1C04C18429DEEC2D00E381C2 /* New Group1 */,
				1C04C18229DEEC2200E381C2 /* New Group */,
			);
			path = View;
			sourceTree = "<group>";
		};
		1C5CAAFB29DB50CC0053F19A /* Data */ = {
			isa = PBXGroup;
			children = (
				1C5CAB0229DB51C40053F19A /* Repository */,
			);
			path = Data;
			sourceTree = "<group>";
		};
		1C5CAAFF29DB51560053F19A /* Network */ = {
			isa = PBXGroup;
			children = (
				1C5CAB0029DB51680053F19A /* EndpointMakeable.swift */,
			);
			path = Network;
			sourceTree = "<group>";
		};
		1C5CAB0229DB51C40053F19A /* Repository */ = {
			isa = PBXGroup;
			children = (
				1C5CAB0329DB51D10053F19A /* PreferCocktailRepository.swift */,
				1C5CAB0529DB51D50053F19A /* LoginRepository.swift */,
				1C5CAB0729DB51DD0053F19A /* MainRepository.swift */,
				1C5CAB0B29DB52700053F19A /* ProductRepository.swift */,
				1C5CAB0D29DB52770053F19A /* ToolModalRepository.swift */,
				1C5CAB0F29DB52800053F19A /* IngredientModalRepository.swift */,
				1C5CAB1129DB52870053F19A /* SkillModalRepository.swift */,
				1C5CAB1329DB52E30053F19A /* MainViewRepository.swift */,
			);
			path = Repository;
			sourceTree = "<group>";
		};
/* End PBXGroup section */

/* Begin PBXNativeTarget section */
		1C5CAACB29DB1AE30053F19A /* Drinkin */ = {
			isa = PBXNativeTarget;
			buildConfigurationList = 1C5CAAE029DB1AE50053F19A /* Build configuration list for PBXNativeTarget "Drinkin" */;
			buildPhases = (
				1C5CAAC829DB1AE30053F19A /* Sources */,
				1C5CAAC929DB1AE30053F19A /* Frameworks */,
				1C5CAACA29DB1AE30053F19A /* Resources */,
			);
			buildRules = (
			);
			dependencies = (
			);
			name = Drinkin;
			packageProductDependencies = (
				1C5CAAE429DB1F710053F19A /* KakaoSDK */,
				1C5CAAE629DB1F710053F19A /* KakaoSDKAuth */,
				1C5CAAE829DB1F710053F19A /* KakaoSDKCommon */,
				1C5CAAEA29DB1F710053F19A /* KakaoSDKNavi */,
				1C5CAAEC29DB1F710053F19A /* KakaoSDKShare */,
				1C5CAAEE29DB1F710053F19A /* KakaoSDKStory */,
				1C5CAAF029DB1F710053F19A /* KakaoSDKTalk */,
				1C5CAAF229DB1F710053F19A /* KakaoSDKTemplate */,
				1C5CAAF429DB1F710053F19A /* KakaoSDKUser */,
				1C04C19E29DEF79900E381C2 /* SnapKit */,
				1C04C1A029DEF79900E381C2 /* SnapKit-Dynamic */,
			);
			productName = Drinkin;
			productReference = 1C5CAACC29DB1AE30053F19A /* Drinkin.app */;
			productType = "com.apple.product-type.application";
		};
/* End PBXNativeTarget section */

/* Begin PBXProject section */
		1C5CAAC429DB1AE30053F19A /* Project object */ = {
			isa = PBXProject;
			attributes = {
				BuildIndependentTargetsInParallel = 1;
				LastSwiftUpdateCheck = 1420;
				LastUpgradeCheck = 1420;
				TargetAttributes = {
					1C5CAACB29DB1AE30053F19A = {
						CreatedOnToolsVersion = 14.2;
					};
				};
			};
			buildConfigurationList = 1C5CAAC729DB1AE30053F19A /* Build configuration list for PBXProject "Drinkin" */;
			compatibilityVersion = "Xcode 14.0";
			developmentRegion = en;
			hasScannedForEncodings = 0;
			knownRegions = (
				en,
				Base,
			);
			mainGroup = 1C5CAAC329DB1AE30053F19A;
			packageReferences = (
				1C5CAAE329DB1F710053F19A /* XCRemoteSwiftPackageReference "kakao-ios-sdk" */,
				1C04C19D29DEF79900E381C2 /* XCRemoteSwiftPackageReference "SnapKit" */,
			);
			productRefGroup = 1C5CAACD29DB1AE30053F19A /* Products */;
			projectDirPath = "";
			projectRoot = "";
			targets = (
				1C5CAACB29DB1AE30053F19A /* Drinkin */,
			);
		};
/* End PBXProject section */

/* Begin PBXResourcesBuildPhase section */
		1C5CAACA29DB1AE30053F19A /* Resources */ = {
			isa = PBXResourcesBuildPhase;
			buildActionMask = 2147483647;
			files = (
				1C5CAADC29DB1AE50053F19A /* LaunchScreen.storyboard in Resources */,
				1C5CAAD929DB1AE50053F19A /* Assets.xcassets in Resources */,
			);
			runOnlyForDeploymentPostprocessing = 0;
		};
/* End PBXResourcesBuildPhase section */

/* Begin PBXSourcesBuildPhase section */
		1C5CAAC829DB1AE30053F19A /* Sources */ = {
			isa = PBXSourcesBuildPhase;
			buildActionMask = 2147483647;
			files = (
				1C5CAB1229DB52880053F19A /* SkillModalRepository.swift in Sources */,
				1C04C19329DEECF800E381C2 /* TabBarController.swift in Sources */,
				1C5CAB0129DB51680053F19A /* EndpointMakeable.swift in Sources */,
				1C5CAB0629DB51D50053F19A /* LoginRepository.swift in Sources */,
				1C04C19829DEED3300E381C2 /* CocktailViewController.swift in Sources */,
				1C04C19A29DEED3D00E381C2 /* MainViewController.swift in Sources */,
				1C5CAAD429DB1AE30053F19A /* ViewController.swift in Sources */,
				1C5CAB0E29DB52770053F19A /* ToolModalRepository.swift in Sources */,
				1C04C18F29DEEC6200E381C2 /* BuildModalViewController.swift in Sources */,
				1C04C18D29DEEC5900E381C2 /* GlassModalViewController.swift in Sources */,
				1C5CAB1429DB52E30053F19A /* MainViewRepository.swift in Sources */,
				1C04C19629DEED2700E381C2 /* HomeBarViewController.swift in Sources */,
				1C5CAB1029DB52800053F19A /* IngredientModalRepository.swift in Sources */,
				1C5CAAD029DB1AE30053F19A /* AppDelegate.swift in Sources */,
				1C04C19C29DEEDAE00E381C2 /* LoggedInCell.swift in Sources */,
				1C5CAAD229DB1AE30053F19A /* SceneDelegate.swift in Sources */,
				1C04C19129DEEC6F00E381C2 /* ToolModalViewController.swift in Sources */,
				1C5CAB0829DB51DD0053F19A /* MainRepository.swift in Sources */,
				1C5CAB0C29DB52700053F19A /* ProductRepository.swift in Sources */,
				1C5CAB0429DB51D10053F19A /* PreferCocktailRepository.swift in Sources */,
			);
			runOnlyForDeploymentPostprocessing = 0;
		};
/* End PBXSourcesBuildPhase section */

/* Begin PBXVariantGroup section */
		1C5CAADA29DB1AE50053F19A /* LaunchScreen.storyboard */ = {
			isa = PBXVariantGroup;
			children = (
				1C5CAADB29DB1AE50053F19A /* Base */,
			);
			name = LaunchScreen.storyboard;
			sourceTree = "<group>";
		};
/* End PBXVariantGroup section */

/* Begin XCBuildConfiguration section */
		1C5CAADE29DB1AE50053F19A /* Debug */ = {
			isa = XCBuildConfiguration;
			baseConfigurationReference = 1C5CAAF629DB208A0053F19A /* Config.xcconfig */;
			buildSettings = {
				ALWAYS_SEARCH_USER_PATHS = NO;
				CLANG_ANALYZER_NONNULL = YES;
				CLANG_ANALYZER_NUMBER_OBJECT_CONVERSION = YES_AGGRESSIVE;
				CLANG_CXX_LANGUAGE_STANDARD = "gnu++20";
				CLANG_ENABLE_MODULES = YES;
				CLANG_ENABLE_OBJC_ARC = YES;
				CLANG_ENABLE_OBJC_WEAK = YES;
				CLANG_WARN_BLOCK_CAPTURE_AUTORELEASING = YES;
				CLANG_WARN_BOOL_CONVERSION = YES;
				CLANG_WARN_COMMA = YES;
				CLANG_WARN_CONSTANT_CONVERSION = YES;
				CLANG_WARN_DEPRECATED_OBJC_IMPLEMENTATIONS = YES;
				CLANG_WARN_DIRECT_OBJC_ISA_USAGE = YES_ERROR;
				CLANG_WARN_DOCUMENTATION_COMMENTS = YES;
				CLANG_WARN_EMPTY_BODY = YES;
				CLANG_WARN_ENUM_CONVERSION = YES;
				CLANG_WARN_INFINITE_RECURSION = YES;
				CLANG_WARN_INT_CONVERSION = YES;
				CLANG_WARN_NON_LITERAL_NULL_CONVERSION = YES;
				CLANG_WARN_OBJC_IMPLICIT_RETAIN_SELF = YES;
				CLANG_WARN_OBJC_LITERAL_CONVERSION = YES;
				CLANG_WARN_OBJC_ROOT_CLASS = YES_ERROR;
				CLANG_WARN_QUOTED_INCLUDE_IN_FRAMEWORK_HEADER = YES;
				CLANG_WARN_RANGE_LOOP_ANALYSIS = YES;
				CLANG_WARN_STRICT_PROTOTYPES = YES;
				CLANG_WARN_SUSPICIOUS_MOVE = YES;
				CLANG_WARN_UNGUARDED_AVAILABILITY = YES_AGGRESSIVE;
				CLANG_WARN_UNREACHABLE_CODE = YES;
				CLANG_WARN__DUPLICATE_METHOD_MATCH = YES;
				COPY_PHASE_STRIP = NO;
				DEBUG_INFORMATION_FORMAT = dwarf;
				ENABLE_STRICT_OBJC_MSGSEND = YES;
				ENABLE_TESTABILITY = YES;
				GCC_C_LANGUAGE_STANDARD = gnu11;
				GCC_DYNAMIC_NO_PIC = NO;
				GCC_NO_COMMON_BLOCKS = YES;
				GCC_OPTIMIZATION_LEVEL = 0;
				GCC_PREPROCESSOR_DEFINITIONS = (
					"DEBUG=1",
					"$(inherited)",
				);
				GCC_WARN_64_TO_32_BIT_CONVERSION = YES;
				GCC_WARN_ABOUT_RETURN_TYPE = YES_ERROR;
				GCC_WARN_UNDECLARED_SELECTOR = YES;
				GCC_WARN_UNINITIALIZED_AUTOS = YES_AGGRESSIVE;
				GCC_WARN_UNUSED_FUNCTION = YES;
				GCC_WARN_UNUSED_VARIABLE = YES;
				IPHONEOS_DEPLOYMENT_TARGET = 14.0;
				MTL_ENABLE_DEBUG_INFO = INCLUDE_SOURCE;
				MTL_FAST_MATH = YES;
				ONLY_ACTIVE_ARCH = YES;
				SDKROOT = iphoneos;
				SWIFT_ACTIVE_COMPILATION_CONDITIONS = DEBUG;
				SWIFT_OPTIMIZATION_LEVEL = "-Onone";
			};
			name = Debug;
		};
		1C5CAADF29DB1AE50053F19A /* Release */ = {
			isa = XCBuildConfiguration;
			baseConfigurationReference = 1C5CAAF629DB208A0053F19A /* Config.xcconfig */;
			buildSettings = {
				ALWAYS_SEARCH_USER_PATHS = NO;
				CLANG_ANALYZER_NONNULL = YES;
				CLANG_ANALYZER_NUMBER_OBJECT_CONVERSION = YES_AGGRESSIVE;
				CLANG_CXX_LANGUAGE_STANDARD = "gnu++20";
				CLANG_ENABLE_MODULES = YES;
				CLANG_ENABLE_OBJC_ARC = YES;
				CLANG_ENABLE_OBJC_WEAK = YES;
				CLANG_WARN_BLOCK_CAPTURE_AUTORELEASING = YES;
				CLANG_WARN_BOOL_CONVERSION = YES;
				CLANG_WARN_COMMA = YES;
				CLANG_WARN_CONSTANT_CONVERSION = YES;
				CLANG_WARN_DEPRECATED_OBJC_IMPLEMENTATIONS = YES;
				CLANG_WARN_DIRECT_OBJC_ISA_USAGE = YES_ERROR;
				CLANG_WARN_DOCUMENTATION_COMMENTS = YES;
				CLANG_WARN_EMPTY_BODY = YES;
				CLANG_WARN_ENUM_CONVERSION = YES;
				CLANG_WARN_INFINITE_RECURSION = YES;
				CLANG_WARN_INT_CONVERSION = YES;
				CLANG_WARN_NON_LITERAL_NULL_CONVERSION = YES;
				CLANG_WARN_OBJC_IMPLICIT_RETAIN_SELF = YES;
				CLANG_WARN_OBJC_LITERAL_CONVERSION = YES;
				CLANG_WARN_OBJC_ROOT_CLASS = YES_ERROR;
				CLANG_WARN_QUOTED_INCLUDE_IN_FRAMEWORK_HEADER = YES;
				CLANG_WARN_RANGE_LOOP_ANALYSIS = YES;
				CLANG_WARN_STRICT_PROTOTYPES = YES;
				CLANG_WARN_SUSPICIOUS_MOVE = YES;
				CLANG_WARN_UNGUARDED_AVAILABILITY = YES_AGGRESSIVE;
				CLANG_WARN_UNREACHABLE_CODE = YES;
				CLANG_WARN__DUPLICATE_METHOD_MATCH = YES;
				COPY_PHASE_STRIP = NO;
				DEBUG_INFORMATION_FORMAT = "dwarf-with-dsym";
				ENABLE_NS_ASSERTIONS = NO;
				ENABLE_STRICT_OBJC_MSGSEND = YES;
				GCC_C_LANGUAGE_STANDARD = gnu11;
				GCC_NO_COMMON_BLOCKS = YES;
				GCC_WARN_64_TO_32_BIT_CONVERSION = YES;
				GCC_WARN_ABOUT_RETURN_TYPE = YES_ERROR;
				GCC_WARN_UNDECLARED_SELECTOR = YES;
				GCC_WARN_UNINITIALIZED_AUTOS = YES_AGGRESSIVE;
				GCC_WARN_UNUSED_FUNCTION = YES;
				GCC_WARN_UNUSED_VARIABLE = YES;
				IPHONEOS_DEPLOYMENT_TARGET = 14.0;
				MTL_ENABLE_DEBUG_INFO = NO;
				MTL_FAST_MATH = YES;
				SDKROOT = iphoneos;
				SWIFT_COMPILATION_MODE = wholemodule;
				SWIFT_OPTIMIZATION_LEVEL = "-O";
				VALIDATE_PRODUCT = YES;
			};
			name = Release;
		};
		1C5CAAE129DB1AE50053F19A /* Debug */ = {
			isa = XCBuildConfiguration;
			baseConfigurationReference = 1C5CAAF629DB208A0053F19A /* Config.xcconfig */;
			buildSettings = {
				ASSETCATALOG_COMPILER_APPICON_NAME = AppIcon;
				ASSETCATALOG_COMPILER_GLOBAL_ACCENT_COLOR_NAME = AccentColor;
				CODE_SIGN_STYLE = Automatic;
				CURRENT_PROJECT_VERSION = 1;
				DEVELOPMENT_TEAM = W33V23332B;
				GENERATE_INFOPLIST_FILE = YES;
				INFOPLIST_FILE = Drinkin/Info.plist;
				INFOPLIST_KEY_UIApplicationSupportsIndirectInputEvents = YES;
				INFOPLIST_KEY_UILaunchStoryboardName = LaunchScreen;
				INFOPLIST_KEY_UISupportedInterfaceOrientations_iPad = "UIInterfaceOrientationPortrait UIInterfaceOrientationPortraitUpsideDown UIInterfaceOrientationLandscapeLeft UIInterfaceOrientationLandscapeRight";
				INFOPLIST_KEY_UISupportedInterfaceOrientations_iPhone = "UIInterfaceOrientationPortrait UIInterfaceOrientationLandscapeLeft UIInterfaceOrientationLandscapeRight";
				IPHONEOS_DEPLOYMENT_TARGET = 14.0;
				LD_RUNPATH_SEARCH_PATHS = (
					"$(inherited)",
					"@executable_path/Frameworks",
				);
				MARKETING_VERSION = 1.0;
				PRODUCT_BUNDLE_IDENTIFIER = sjkim.Drinkin;
				PRODUCT_NAME = "$(TARGET_NAME)";
				SWIFT_EMIT_LOC_STRINGS = YES;
				SWIFT_VERSION = 5.0;
				TARGETED_DEVICE_FAMILY = "1,2";
			};
			name = Debug;
		};
		1C5CAAE229DB1AE50053F19A /* Release */ = {
			isa = XCBuildConfiguration;
			baseConfigurationReference = 1C5CAAF629DB208A0053F19A /* Config.xcconfig */;
			buildSettings = {
				ASSETCATALOG_COMPILER_APPICON_NAME = AppIcon;
				ASSETCATALOG_COMPILER_GLOBAL_ACCENT_COLOR_NAME = AccentColor;
				CODE_SIGN_STYLE = Automatic;
				CURRENT_PROJECT_VERSION = 1;
				DEVELOPMENT_TEAM = W33V23332B;
				GENERATE_INFOPLIST_FILE = YES;
				INFOPLIST_FILE = Drinkin/Info.plist;
				INFOPLIST_KEY_UIApplicationSupportsIndirectInputEvents = YES;
				INFOPLIST_KEY_UILaunchStoryboardName = LaunchScreen;
				INFOPLIST_KEY_UISupportedInterfaceOrientations_iPad = "UIInterfaceOrientationPortrait UIInterfaceOrientationPortraitUpsideDown UIInterfaceOrientationLandscapeLeft UIInterfaceOrientationLandscapeRight";
				INFOPLIST_KEY_UISupportedInterfaceOrientations_iPhone = "UIInterfaceOrientationPortrait UIInterfaceOrientationLandscapeLeft UIInterfaceOrientationLandscapeRight";
				IPHONEOS_DEPLOYMENT_TARGET = 14.0;
				LD_RUNPATH_SEARCH_PATHS = (
					"$(inherited)",
					"@executable_path/Frameworks",
				);
				MARKETING_VERSION = 1.0;
				PRODUCT_BUNDLE_IDENTIFIER = sjkim.Drinkin;
				PRODUCT_NAME = "$(TARGET_NAME)";
				SWIFT_EMIT_LOC_STRINGS = YES;
				SWIFT_VERSION = 5.0;
				TARGETED_DEVICE_FAMILY = "1,2";
			};
			name = Release;
		};
/* End XCBuildConfiguration section */

/* Begin XCConfigurationList section */
		1C5CAAC729DB1AE30053F19A /* Build configuration list for PBXProject "Drinkin" */ = {
			isa = XCConfigurationList;
			buildConfigurations = (
				1C5CAADE29DB1AE50053F19A /* Debug */,
				1C5CAADF29DB1AE50053F19A /* Release */,
			);
			defaultConfigurationIsVisible = 0;
			defaultConfigurationName = Release;
		};
		1C5CAAE029DB1AE50053F19A /* Build configuration list for PBXNativeTarget "Drinkin" */ = {
			isa = XCConfigurationList;
			buildConfigurations = (
				1C5CAAE129DB1AE50053F19A /* Debug */,
				1C5CAAE229DB1AE50053F19A /* Release */,
			);
			defaultConfigurationIsVisible = 0;
			defaultConfigurationName = Release;
		};
/* End XCConfigurationList section */

/* Begin XCRemoteSwiftPackageReference section */
		1C04C19D29DEF79900E381C2 /* XCRemoteSwiftPackageReference "SnapKit" */ = {
			isa = XCRemoteSwiftPackageReference;
			repositoryURL = "https://github.com/SnapKit/SnapKit";
			requirement = {
				kind = upToNextMajorVersion;
				minimumVersion = 5.0.0;
			};
		};
		1C5CAAE329DB1F710053F19A /* XCRemoteSwiftPackageReference "kakao-ios-sdk" */ = {
			isa = XCRemoteSwiftPackageReference;
			repositoryURL = "https://github.com/kakao/kakao-ios-sdk";
			requirement = {
				kind = upToNextMajorVersion;
				minimumVersion = 2.0.0;
			};
		};
/* End XCRemoteSwiftPackageReference section */

/* Begin XCSwiftPackageProductDependency section */
		1C04C19E29DEF79900E381C2 /* SnapKit */ = {
			isa = XCSwiftPackageProductDependency;
			package = 1C04C19D29DEF79900E381C2 /* XCRemoteSwiftPackageReference "SnapKit" */;
			productName = SnapKit;
		};
		1C04C1A029DEF79900E381C2 /* SnapKit-Dynamic */ = {
			isa = XCSwiftPackageProductDependency;
			package = 1C04C19D29DEF79900E381C2 /* XCRemoteSwiftPackageReference "SnapKit" */;
			productName = "SnapKit-Dynamic";
		};
		1C5CAAE429DB1F710053F19A /* KakaoSDK */ = {
			isa = XCSwiftPackageProductDependency;
			package = 1C5CAAE329DB1F710053F19A /* XCRemoteSwiftPackageReference "kakao-ios-sdk" */;
			productName = KakaoSDK;
		};
		1C5CAAE629DB1F710053F19A /* KakaoSDKAuth */ = {
			isa = XCSwiftPackageProductDependency;
			package = 1C5CAAE329DB1F710053F19A /* XCRemoteSwiftPackageReference "kakao-ios-sdk" */;
			productName = KakaoSDKAuth;
		};
		1C5CAAE829DB1F710053F19A /* KakaoSDKCommon */ = {
			isa = XCSwiftPackageProductDependency;
			package = 1C5CAAE329DB1F710053F19A /* XCRemoteSwiftPackageReference "kakao-ios-sdk" */;
			productName = KakaoSDKCommon;
		};
		1C5CAAEA29DB1F710053F19A /* KakaoSDKNavi */ = {
			isa = XCSwiftPackageProductDependency;
			package = 1C5CAAE329DB1F710053F19A /* XCRemoteSwiftPackageReference "kakao-ios-sdk" */;
			productName = KakaoSDKNavi;
		};
		1C5CAAEC29DB1F710053F19A /* KakaoSDKShare */ = {
			isa = XCSwiftPackageProductDependency;
			package = 1C5CAAE329DB1F710053F19A /* XCRemoteSwiftPackageReference "kakao-ios-sdk" */;
			productName = KakaoSDKShare;
		};
		1C5CAAEE29DB1F710053F19A /* KakaoSDKStory */ = {
			isa = XCSwiftPackageProductDependency;
			package = 1C5CAAE329DB1F710053F19A /* XCRemoteSwiftPackageReference "kakao-ios-sdk" */;
			productName = KakaoSDKStory;
		};
		1C5CAAF029DB1F710053F19A /* KakaoSDKTalk */ = {
			isa = XCSwiftPackageProductDependency;
			package = 1C5CAAE329DB1F710053F19A /* XCRemoteSwiftPackageReference "kakao-ios-sdk" */;
			productName = KakaoSDKTalk;
		};
		1C5CAAF229DB1F710053F19A /* KakaoSDKTemplate */ = {
			isa = XCSwiftPackageProductDependency;
			package = 1C5CAAE329DB1F710053F19A /* XCRemoteSwiftPackageReference "kakao-ios-sdk" */;
			productName = KakaoSDKTemplate;
		};
		1C5CAAF429DB1F710053F19A /* KakaoSDKUser */ = {
			isa = XCSwiftPackageProductDependency;
			package = 1C5CAAE329DB1F710053F19A /* XCRemoteSwiftPackageReference "kakao-ios-sdk" */;
			productName = KakaoSDKUser;
		};
/* End XCSwiftPackageProductDependency section */
	};
	rootObject = 1C5CAAC429DB1AE30053F19A /* Project object */;
}
