// !$*UTF8*$!
{
	archiveVersion = 1;
	classes = {
	};
	objectVersion = 56;
	objects = {

/* Begin PBXBuildFile section */
		1C04C18D29DEEC5900E381C2 /* GlassModalViewController.swift in Sources */ = {isa = PBXBuildFile; fileRef = 1C04C18C29DEEC5900E381C2 /* GlassModalViewController.swift */; };
		1C04C18F29DEEC6200E381C2 /* BuildModalViewController.swift in Sources */ = {isa = PBXBuildFile; fileRef = 1C04C18E29DEEC6200E381C2 /* BuildModalViewController.swift */; };
		1C04C19129DEEC6F00E381C2 /* ToolModalViewController.swift in Sources */ = {isa = PBXBuildFile; fileRef = 1C04C19029DEEC6F00E381C2 /* ToolModalViewController.swift */; };
		1C04C19329DEECF800E381C2 /* TabBarController.swift in Sources */ = {isa = PBXBuildFile; fileRef = 1C04C19229DEECF800E381C2 /* TabBarController.swift */; };
		1C04C19629DEED2700E381C2 /* HomeBarViewController.swift in Sources */ = {isa = PBXBuildFile; fileRef = 1C04C19529DEED2700E381C2 /* HomeBarViewController.swift */; };
		1C04C19A29DEED3D00E381C2 /* MainViewController.swift in Sources */ = {isa = PBXBuildFile; fileRef = 1C04C19929DEED3D00E381C2 /* MainViewController.swift */; };
		1C0809DA29E03FFB00265706 /* KakaoAuthViewModel.swift in Sources */ = {isa = PBXBuildFile; fileRef = 1C0809D929E03FFB00265706 /* KakaoAuthViewModel.swift */; };
		1C0809DC29E041E000265706 /* LoginViewController.swift in Sources */ = {isa = PBXBuildFile; fileRef = 1C0809DB29E041E000265706 /* LoginViewController.swift */; };
		1C0809E129E043DF00265706 /* AppCoordinator.swift in Sources */ = {isa = PBXBuildFile; fileRef = 1C0809E029E043DF00265706 /* AppCoordinator.swift */; };
		1C0809E329E043FF00265706 /* Coordinator.swift in Sources */ = {isa = PBXBuildFile; fileRef = 1C0809E229E043FF00265706 /* Coordinator.swift */; };
		1C0809E629E044B300265706 /* SnapKit in Frameworks */ = {isa = PBXBuildFile; productRef = 1C0809E529E044B300265706 /* SnapKit */; };
		1C16A86B2A13AD3D001640E2 /* CocktailRecommendViewController.swift in Sources */ = {isa = PBXBuildFile; fileRef = 1C16A86A2A13AD3D001640E2 /* CocktailRecommendViewController.swift */; };
		1C16A86D2A13ADA5001640E2 /* UnloggedinMainViewController.swift in Sources */ = {isa = PBXBuildFile; fileRef = 1C16A86C2A13ADA5001640E2 /* UnloggedinMainViewController.swift */; };
		1C2696372A43111A00C1FC00 /* Pretendard-Black.otf in Resources */ = {isa = PBXBuildFile; fileRef = 1C2696362A43111A00C1FC00 /* Pretendard-Black.otf */; };
		1C26963A2A4315F300C1FC00 /* TriedCocktailSelectionViewModel.swift in Sources */ = {isa = PBXBuildFile; fileRef = 1C2696392A4315F300C1FC00 /* TriedCocktailSelectionViewModel.swift */; };
		1C26963D2A4973FA00C1FC00 /* AppleAuthViewModel.swift in Sources */ = {isa = PBXBuildFile; fileRef = 1C26963C2A4973FA00C1FC00 /* AppleAuthViewModel.swift */; };
		1C34B66F2A84D27A00CB294C /* InformationCell.swift in Sources */ = {isa = PBXBuildFile; fileRef = 1C34B66E2A84D27A00CB294C /* InformationCell.swift */; };
		1C57317A2A06879400C19EE1 /* GradeView.swift in Sources */ = {isa = PBXBuildFile; fileRef = 1C5731792A06879400C19EE1 /* GradeView.swift */; };
		1C58ECDB2A63C79C00AC2603 /* StoreHoldedIngredientUsecase.swift in Sources */ = {isa = PBXBuildFile; fileRef = 1C58ECDA2A63C79C00AC2603 /* StoreHoldedIngredientUsecase.swift */; };
		1C58ECDD2A63C84800AC2603 /* FetchBriefDescriptionUsecase.swift in Sources */ = {isa = PBXBuildFile; fileRef = 1C58ECDC2A63C84800AC2603 /* FetchBriefDescriptionUsecase.swift */; };
		1C58ECDF2A63C85800AC2603 /* FetchDescriptionUsecase.swift in Sources */ = {isa = PBXBuildFile; fileRef = 1C58ECDE2A63C85800AC2603 /* FetchDescriptionUsecase.swift */; };
		1C58ECE12A63CA3A00AC2603 /* TriedCocktailRepository.swift in Sources */ = {isa = PBXBuildFile; fileRef = 1C58ECE02A63CA3A00AC2603 /* TriedCocktailRepository.swift */; };
		1C58ECE32A63CA8100AC2603 /* BriefDescriptionRepository.swift in Sources */ = {isa = PBXBuildFile; fileRef = 1C58ECE22A63CA8100AC2603 /* BriefDescriptionRepository.swift */; };
		1C58ECE52A63CA9300AC2603 /* DescriptionRepository.swift in Sources */ = {isa = PBXBuildFile; fileRef = 1C58ECE42A63CA9300AC2603 /* DescriptionRepository.swift */; };
		1C58ECE72A63CB4700AC2603 /* CocktailBriefDescription.swift in Sources */ = {isa = PBXBuildFile; fileRef = 1C58ECE62A63CB4700AC2603 /* CocktailBriefDescription.swift */; };
		1C5906A52A21D5B3001F048B /* FilteredCocktailCell.swift in Sources */ = {isa = PBXBuildFile; fileRef = 1C5906A42A21D5B3001F048B /* FilteredCocktailCell.swift */; };
		1C5906A72A21DBE0001F048B /* FilterViewModel.swift in Sources */ = {isa = PBXBuildFile; fileRef = 1C5906A62A21DBE0001F048B /* FilterViewModel.swift */; };
		1C598F882A7B495C00B9DC93 /* TextInformationView.swift in Sources */ = {isa = PBXBuildFile; fileRef = 1C598F872A7B495C00B9DC93 /* TextInformationView.swift */; };
		1C598F8A2A7BA02700B9DC93 /* ItemCell.swift in Sources */ = {isa = PBXBuildFile; fileRef = 1C598F892A7BA02700B9DC93 /* ItemCell.swift */; };
		1C598F8C2A7D35ED00B9DC93 /* ProductDetailViewModel.swift in Sources */ = {isa = PBXBuildFile; fileRef = 1C598F8B2A7D35ED00B9DC93 /* ProductDetailViewModel.swift */; };
		1C5CAAD029DB1AE30053F19A /* AppDelegate.swift in Sources */ = {isa = PBXBuildFile; fileRef = 1C5CAACF29DB1AE30053F19A /* AppDelegate.swift */; };
		1C5CAAD229DB1AE30053F19A /* SceneDelegate.swift in Sources */ = {isa = PBXBuildFile; fileRef = 1C5CAAD129DB1AE30053F19A /* SceneDelegate.swift */; };
		1C5CAAD429DB1AE30053F19A /* ViewController.swift in Sources */ = {isa = PBXBuildFile; fileRef = 1C5CAAD329DB1AE30053F19A /* ViewController.swift */; };
		1C5CAAD929DB1AE50053F19A /* Assets.xcassets in Resources */ = {isa = PBXBuildFile; fileRef = 1C5CAAD829DB1AE50053F19A /* Assets.xcassets */; };
		1C5CAADC29DB1AE50053F19A /* LaunchScreen.storyboard in Resources */ = {isa = PBXBuildFile; fileRef = 1C5CAADA29DB1AE50053F19A /* LaunchScreen.storyboard */; };
		1C5CAAE529DB1F710053F19A /* KakaoSDK in Frameworks */ = {isa = PBXBuildFile; productRef = 1C5CAAE429DB1F710053F19A /* KakaoSDK */; };
		1C5CAAE729DB1F710053F19A /* KakaoSDKAuth in Frameworks */ = {isa = PBXBuildFile; productRef = 1C5CAAE629DB1F710053F19A /* KakaoSDKAuth */; };
		1C5CAAE929DB1F710053F19A /* KakaoSDKCommon in Frameworks */ = {isa = PBXBuildFile; productRef = 1C5CAAE829DB1F710053F19A /* KakaoSDKCommon */; };
		1C5CAAEB29DB1F710053F19A /* KakaoSDKNavi in Frameworks */ = {isa = PBXBuildFile; productRef = 1C5CAAEA29DB1F710053F19A /* KakaoSDKNavi */; };
		1C5CAAED29DB1F710053F19A /* KakaoSDKShare in Frameworks */ = {isa = PBXBuildFile; productRef = 1C5CAAEC29DB1F710053F19A /* KakaoSDKShare */; };
		1C5CAAEF29DB1F710053F19A /* KakaoSDKStory in Frameworks */ = {isa = PBXBuildFile; productRef = 1C5CAAEE29DB1F710053F19A /* KakaoSDKStory */; };
		1C5CAAF129DB1F710053F19A /* KakaoSDKTalk in Frameworks */ = {isa = PBXBuildFile; productRef = 1C5CAAF029DB1F710053F19A /* KakaoSDKTalk */; };
		1C5CAAF329DB1F710053F19A /* KakaoSDKTemplate in Frameworks */ = {isa = PBXBuildFile; productRef = 1C5CAAF229DB1F710053F19A /* KakaoSDKTemplate */; };
		1C5CAAF529DB1F710053F19A /* KakaoSDKUser in Frameworks */ = {isa = PBXBuildFile; productRef = 1C5CAAF429DB1F710053F19A /* KakaoSDKUser */; };
		1C5CAB0129DB51680053F19A /* EndpointMakeable.swift in Sources */ = {isa = PBXBuildFile; fileRef = 1C5CAB0029DB51680053F19A /* EndpointMakeable.swift */; };
		1C5CAB0429DB51D10053F19A /* HoldedIngredientRepository.swift in Sources */ = {isa = PBXBuildFile; fileRef = 1C5CAB0329DB51D10053F19A /* HoldedIngredientRepository.swift */; };
		1C5CAB0629DB51D50053F19A /* LoginRepository.swift in Sources */ = {isa = PBXBuildFile; fileRef = 1C5CAB0529DB51D50053F19A /* LoginRepository.swift */; };
		1C60F6E229E527AC001C0416 /* MainVCCorrdinator.swift in Sources */ = {isa = PBXBuildFile; fileRef = 1C60F6E129E527AC001C0416 /* MainVCCorrdinator.swift */; };
		1C6636542A067F4B00C85374 /* SelectedView.swift in Sources */ = {isa = PBXBuildFile; fileRef = 1C6636532A067F4B00C85374 /* SelectedView.swift */; };
		1C66713D29F95AF000B0E41F /* YellowRectangleView.swift in Sources */ = {isa = PBXBuildFile; fileRef = 1C66713C29F95AF000B0E41F /* YellowRectangleView.swift */; };
		1C66713F29F95B2700B0E41F /* EmptyRectangleView.swift in Sources */ = {isa = PBXBuildFile; fileRef = 1C66713E29F95B2700B0E41F /* EmptyRectangleView.swift */; };
		1C71A4B02A5292A300F1814A /* GradePresentationView.swift in Sources */ = {isa = PBXBuildFile; fileRef = 1C71A4AF2A5292A300F1814A /* GradePresentationView.swift */; };
		1C7A10442A74F6FF009961A1 /* CocktailDescription.swift in Sources */ = {isa = PBXBuildFile; fileRef = 1C7A10432A74F6FF009961A1 /* CocktailDescription.swift */; };
		1C7A10462A74F8BA009961A1 /* ProductDetailDIContainer.swift in Sources */ = {isa = PBXBuildFile; fileRef = 1C7A10452A74F8BA009961A1 /* ProductDetailDIContainer.swift */; };
		1C7A10492A74FB14009961A1 /* ProductDetailEndpoint.swift in Sources */ = {isa = PBXBuildFile; fileRef = 1C7A10482A74FB14009961A1 /* ProductDetailEndpoint.swift */; };
		1C9BAB1129EFADA500E979AC /* LoadingView.swift in Sources */ = {isa = PBXBuildFile; fileRef = 1C9BAB1029EFADA500E979AC /* LoadingView.swift */; };
		1C9BAB1C29EFAEC500E979AC /* InformationCollectionView.swift in Sources */ = {isa = PBXBuildFile; fileRef = 1C9BAB1B29EFAEC500E979AC /* InformationCollectionView.swift */; };
		1C9BAB2029EFAED500E979AC /* ClickableInformationView.swift in Sources */ = {isa = PBXBuildFile; fileRef = 1C9BAB1F29EFAED500E979AC /* ClickableInformationView.swift */; };
		1C9BAB2829EFB58000E979AC /* CocktailInformationView.swift in Sources */ = {isa = PBXBuildFile; fileRef = 1C9BAB2729EFB58000E979AC /* CocktailInformationView.swift */; };
		1CA20ECF2A52F4B2009FDD90 /* Pretendard-Medium.otf in Resources */ = {isa = PBXBuildFile; fileRef = 1CA20ECE2A52F4B2009FDD90 /* Pretendard-Medium.otf */; };
		1CA20ED12A54073F009FDD90 /* RecommendPopupViewController.swift in Sources */ = {isa = PBXBuildFile; fileRef = 1CA20ED02A54073F009FDD90 /* RecommendPopupViewController.swift */; };
		1CA20ED32A567AA6009FDD90 /* FilteredItem.swift in Sources */ = {isa = PBXBuildFile; fileRef = 1CA20ED22A567AA6009FDD90 /* FilteredItem.swift */; };
		1CA20ED62A568F21009FDD90 /* StoreTriedCocktailUsecase.swift in Sources */ = {isa = PBXBuildFile; fileRef = 1CA20ED52A568F21009FDD90 /* StoreTriedCocktailUsecase.swift */; };
		1CA8ED262A65915600CE5E1A /* KeychainManager.swift in Sources */ = {isa = PBXBuildFile; fileRef = 1CA8ED252A65915600CE5E1A /* KeychainManager.swift */; };
		1CA8ED292A6AB9BD00CE5E1A /* CocktailRecommendEndpoint.swift in Sources */ = {isa = PBXBuildFile; fileRef = 1CA8ED282A6AB9BD00CE5E1A /* CocktailRecommendEndpoint.swift */; };
		1CA8ED4C2A6BAEF100CE5E1A /* CocktailRecommendViewModel.swift in Sources */ = {isa = PBXBuildFile; fileRef = 1CA8ED4B2A6BAEF100CE5E1A /* CocktailRecommendViewModel.swift */; };
		1CA968E72A8E40200076731B /* TitleText.swift in Sources */ = {isa = PBXBuildFile; fileRef = 1CA968E62A8E40200076731B /* TitleText.swift */; };
		1CA968E92A8E423B0076731B /* MiscStrings.swift in Sources */ = {isa = PBXBuildFile; fileRef = 1CA968E82A8E423B0076731B /* MiscStrings.swift */; };
		1CA968EB2A8E43EC0076731B /* ImageStorage.swift in Sources */ = {isa = PBXBuildFile; fileRef = 1CA968EA2A8E43EC0076731B /* ImageStorage.swift */; };
		1CA968EF2A8F587D0076731B /* TriedCocktailEndpoint.swift in Sources */ = {isa = PBXBuildFile; fileRef = 1CA968EE2A8F587D0076731B /* TriedCocktailEndpoint.swift */; };
		1CA969172A9078690076731B /* KeyChainError.swift in Sources */ = {isa = PBXBuildFile; fileRef = 1CA969162A9078690076731B /* KeyChainError.swift */; };
		1CA969192A9078860076731B /* TokenType.swift in Sources */ = {isa = PBXBuildFile; fileRef = 1CA969182A9078860076731B /* TokenType.swift */; };
		1CA9691B2A90D64B0076731B /* Provider.swift in Sources */ = {isa = PBXBuildFile; fileRef = 1CA9691A2A90D64B0076731B /* Provider.swift */; };
		1CA969212A91D99E0076731B /* SelectTriedCocktailUsecase.swift in Sources */ = {isa = PBXBuildFile; fileRef = 1CA969202A91D99E0076731B /* SelectTriedCocktailUsecase.swift */; };
		1CA969232A9332860076731B /* CategoryListStrings.swift in Sources */ = {isa = PBXBuildFile; fileRef = 1CA969222A9332860076731B /* CategoryListStrings.swift */; };
		1CA969252A9334980076731B /* TriedCocktailSelectionDIContainer.swift in Sources */ = {isa = PBXBuildFile; fileRef = 1CA969242A9334980076731B /* TriedCocktailSelectionDIContainer.swift */; };
		1CA969272A933C400076731B /* CocktailPreviewDescription.swift in Sources */ = {isa = PBXBuildFile; fileRef = 1CA969262A933C400076731B /* CocktailPreviewDescription.swift */; };
		1CA969292A949D070076731B /* SelectablePreviewDescription.swift in Sources */ = {isa = PBXBuildFile; fileRef = 1CA969282A949D070076731B /* SelectablePreviewDescription.swift */; };
		1CAFB67D2A5C328700A44167 /* IngredientQuantityView.swift in Sources */ = {isa = PBXBuildFile; fileRef = 1CAFB67C2A5C328700A44167 /* IngredientQuantityView.swift */; };
		1CB096EF2A2A091000B7CA71 /* SelectionFilterCell.swift in Sources */ = {isa = PBXBuildFile; fileRef = 1CB096EE2A2A091000B7CA71 /* SelectionFilterCell.swift */; };
		1CB096F12A2A144D00B7CA71 /* FilterSelectionView.swift in Sources */ = {isa = PBXBuildFile; fileRef = 1CB096F02A2A144D00B7CA71 /* FilterSelectionView.swift */; };
		1CB2990A2A6E4A8B001F31BF /* UIImage +Extension.swift in Sources */ = {isa = PBXBuildFile; fileRef = 1CB299092A6E4A8B001F31BF /* UIImage +Extension.swift */; };
		1CB299112A724136001F31BF /* DIContainer.swift in Sources */ = {isa = PBXBuildFile; fileRef = 1CB299102A724136001F31BF /* DIContainer.swift */; };
		1CB299152A7247AF001F31BF /* CocktailRecommendCell.swift in Sources */ = {isa = PBXBuildFile; fileRef = 1CB299142A7247AF001F31BF /* CocktailRecommendCell.swift */; };
		1CC9D3E82A19024C00654A5D /* HoldCollectionView.swift in Sources */ = {isa = PBXBuildFile; fileRef = 1CC9D3E72A19024C00654A5D /* HoldCollectionView.swift */; };
		1CC9D3EA2A19027400654A5D /* HoldCollectionViewCell.swift in Sources */ = {isa = PBXBuildFile; fileRef = 1CC9D3E92A19027400654A5D /* HoldCollectionViewCell.swift */; };
		1CC9D3EE2A19035600654A5D /* IdentifierType.swift in Sources */ = {isa = PBXBuildFile; fileRef = 1CC9D3ED2A19035600654A5D /* IdentifierType.swift */; };
		1CC9D3F02A1903EE00654A5D /* HoldView.swift in Sources */ = {isa = PBXBuildFile; fileRef = 1CC9D3EF2A1903EE00654A5D /* HoldView.swift */; };
		1CC9D3F62A1A4A7300654A5D /* RixYeoljeongdo_Pro Regular.otf in Resources */ = {isa = PBXBuildFile; fileRef = 1CC9D3F52A1A4A7300654A5D /* RixYeoljeongdo_Pro Regular.otf */; };
		1CCE88DD29E9498D00D3E1D2 /* CocktailVCCoordinator.swift in Sources */ = {isa = PBXBuildFile; fileRef = 1CCE88DC29E9498D00D3E1D2 /* CocktailVCCoordinator.swift */; };
		1CCE88DF29E949A900D3E1D2 /* HomeBarVCCoordinator.swift in Sources */ = {isa = PBXBuildFile; fileRef = 1CCE88DE29E949A900D3E1D2 /* HomeBarVCCoordinator.swift */; };
		1CCE88E129E94A3500D3E1D2 /* ProductDetailVCCoordinator.swift in Sources */ = {isa = PBXBuildFile; fileRef = 1CCE88E029E94A3500D3E1D2 /* ProductDetailVCCoordinator.swift */; };
		1CCE88E329E94A7D00D3E1D2 /* TriedCocktailSelectionVCCoordinator.swift in Sources */ = {isa = PBXBuildFile; fileRef = 1CCE88E229E94A7D00D3E1D2 /* TriedCocktailSelectionVCCoordinator.swift */; };
		1CCE88E529E94AAF00D3E1D2 /* ToolModalVCCoordinator.swift in Sources */ = {isa = PBXBuildFile; fileRef = 1CCE88E429E94AAF00D3E1D2 /* ToolModalVCCoordinator.swift */; };
		1CCE88E729E94B4700D3E1D2 /* SkillModalVCCoordinator.swift in Sources */ = {isa = PBXBuildFile; fileRef = 1CCE88E629E94B4700D3E1D2 /* SkillModalVCCoordinator.swift */; };
		1CCE88E929E94B5400D3E1D2 /* GlassModalVCCoordinator.swift in Sources */ = {isa = PBXBuildFile; fileRef = 1CCE88E829E94B5400D3E1D2 /* GlassModalVCCoordinator.swift */; };
		1CCE88EB29E953E400D3E1D2 /* LoginProvider.swift in Sources */ = {isa = PBXBuildFile; fileRef = 1CCE88EA29E953E400D3E1D2 /* LoginProvider.swift */; };
		1CCE88ED29EBA7AB00D3E1D2 /* Parser.swift in Sources */ = {isa = PBXBuildFile; fileRef = 1CCE88EC29EBA7AB00D3E1D2 /* Parser.swift */; };
		1CCE88EF29EBAB7900D3E1D2 /* ProductDetailViewController.swift in Sources */ = {isa = PBXBuildFile; fileRef = 1CCE88EE29EBAB7900D3E1D2 /* ProductDetailViewController.swift */; };
		1CCE88F129EBABCE00D3E1D2 /* TipAndContentsView.swift in Sources */ = {isa = PBXBuildFile; fileRef = 1CCE88F029EBABCE00D3E1D2 /* TipAndContentsView.swift */; };
		1CCE88F329EBAC0800D3E1D2 /* IntroductionView.swift in Sources */ = {isa = PBXBuildFile; fileRef = 1CCE88F229EBAC0800D3E1D2 /* IntroductionView.swift */; };
		1CCE88F529EBAC2500D3E1D2 /* LeftAlignmentLayout.swift in Sources */ = {isa = PBXBuildFile; fileRef = 1CCE88F429EBAC2500D3E1D2 /* LeftAlignmentLayout.swift */; };
		1CCE88FA29EBB2C200D3E1D2 /* CocktailSelectionCell.swift in Sources */ = {isa = PBXBuildFile; fileRef = 1CCE88F929EBB2C200D3E1D2 /* CocktailSelectionCell.swift */; };
		1CCE88FE29EBB32300D3E1D2 /* CategoryCell.swift in Sources */ = {isa = PBXBuildFile; fileRef = 1CCE88FD29EBB32300D3E1D2 /* CategoryCell.swift */; };
		1CCE890029EBBC3C00D3E1D2 /* LoginEndpoint.swift in Sources */ = {isa = PBXBuildFile; fileRef = 1CCE88FF29EBBC3C00D3E1D2 /* LoginEndpoint.swift */; };
		1CCE890229EBBCCA00D3E1D2 /* HTTPMethod.swift in Sources */ = {isa = PBXBuildFile; fileRef = 1CCE890129EBBCCA00D3E1D2 /* HTTPMethod.swift */; };
		1CCE890429EBBD9800D3E1D2 /* LoginService.swift in Sources */ = {isa = PBXBuildFile; fileRef = 1CCE890329EBBD9800D3E1D2 /* LoginService.swift */; };
		1CCE890629EBC13C00D3E1D2 /* LoginToken.swift in Sources */ = {isa = PBXBuildFile; fileRef = 1CCE890529EBC13C00D3E1D2 /* LoginToken.swift */; };
		1CCE890829EBC49400D3E1D2 /* RefreshEndpoint.swift in Sources */ = {isa = PBXBuildFile; fileRef = 1CCE890729EBC49400D3E1D2 /* RefreshEndpoint.swift */; };
		1CCE890A29EBD9BF00D3E1D2 /* 12312312Endpoint.swift in Sources */ = {isa = PBXBuildFile; fileRef = 1CCE890929EBD9BF00D3E1D2 /* 12312312Endpoint.swift */; };
		1CDDB9242A3A109F0007983A /* FilterModalView.swift in Sources */ = {isa = PBXBuildFile; fileRef = 1CDDB9232A3A109F0007983A /* FilterModalView.swift */; };
		1CDDB92B2A3AD7370007983A /* Pretendard-ExtraBold.otf in Resources */ = {isa = PBXBuildFile; fileRef = 1CDDB9292A3AD7370007983A /* Pretendard-ExtraBold.otf */; };
		1CDDB92C2A3AD7370007983A /* Pretendard-Bold.otf in Resources */ = {isa = PBXBuildFile; fileRef = 1CDDB92A2A3AD7370007983A /* Pretendard-Bold.otf */; };
		1CDDB92E2A3AD87F0007983A /* Pretendard-SemiBold.otf in Resources */ = {isa = PBXBuildFile; fileRef = 1CDDB92D2A3AD87F0007983A /* Pretendard-SemiBold.otf */; };
		1CED21982A739A700078916A /* Section.swift in Sources */ = {isa = PBXBuildFile; fileRef = 1CED21972A739A700078916A /* Section.swift */; };
		1CF26FA12A8B52BD0066E754 /* TriedCocktialSelectionViewController.swift in Sources */ = {isa = PBXBuildFile; fileRef = 1CF26FA02A8B52BD0066E754 /* TriedCocktialSelectionViewController.swift */; };
		1CF62FB62A1252F30043A32F /* FilterViewController.swift in Sources */ = {isa = PBXBuildFile; fileRef = 1CF62FB52A1252F30043A32F /* FilterViewController.swift */; };
/* End PBXBuildFile section */

/* Begin PBXFileReference section */
		1C04C18C29DEEC5900E381C2 /* GlassModalViewController.swift */ = {isa = PBXFileReference; lastKnownFileType = sourcecode.swift; path = GlassModalViewController.swift; sourceTree = "<group>"; };
		1C04C18E29DEEC6200E381C2 /* BuildModalViewController.swift */ = {isa = PBXFileReference; lastKnownFileType = sourcecode.swift; path = BuildModalViewController.swift; sourceTree = "<group>"; };
		1C04C19029DEEC6F00E381C2 /* ToolModalViewController.swift */ = {isa = PBXFileReference; lastKnownFileType = sourcecode.swift; path = ToolModalViewController.swift; sourceTree = "<group>"; };
		1C04C19229DEECF800E381C2 /* TabBarController.swift */ = {isa = PBXFileReference; lastKnownFileType = sourcecode.swift; path = TabBarController.swift; sourceTree = "<group>"; };
		1C04C19529DEED2700E381C2 /* HomeBarViewController.swift */ = {isa = PBXFileReference; lastKnownFileType = sourcecode.swift; path = HomeBarViewController.swift; sourceTree = "<group>"; };
		1C04C19929DEED3D00E381C2 /* MainViewController.swift */ = {isa = PBXFileReference; lastKnownFileType = sourcecode.swift; path = MainViewController.swift; sourceTree = "<group>"; };
		1C0809D929E03FFB00265706 /* KakaoAuthViewModel.swift */ = {isa = PBXFileReference; lastKnownFileType = sourcecode.swift; path = KakaoAuthViewModel.swift; sourceTree = "<group>"; };
		1C0809DB29E041E000265706 /* LoginViewController.swift */ = {isa = PBXFileReference; lastKnownFileType = sourcecode.swift; path = LoginViewController.swift; sourceTree = "<group>"; };
		1C0809E029E043DF00265706 /* AppCoordinator.swift */ = {isa = PBXFileReference; lastKnownFileType = sourcecode.swift; path = AppCoordinator.swift; sourceTree = "<group>"; };
		1C0809E229E043FF00265706 /* Coordinator.swift */ = {isa = PBXFileReference; lastKnownFileType = sourcecode.swift; path = Coordinator.swift; sourceTree = "<group>"; };
		1C16A86A2A13AD3D001640E2 /* CocktailRecommendViewController.swift */ = {isa = PBXFileReference; lastKnownFileType = sourcecode.swift; path = CocktailRecommendViewController.swift; sourceTree = "<group>"; };
		1C16A86C2A13ADA5001640E2 /* UnloggedinMainViewController.swift */ = {isa = PBXFileReference; lastKnownFileType = sourcecode.swift; path = UnloggedinMainViewController.swift; sourceTree = "<group>"; };
		1C2696362A43111A00C1FC00 /* Pretendard-Black.otf */ = {isa = PBXFileReference; lastKnownFileType = file; path = "Pretendard-Black.otf"; sourceTree = "<group>"; };
		1C2696392A4315F300C1FC00 /* TriedCocktailSelectionViewModel.swift */ = {isa = PBXFileReference; lastKnownFileType = sourcecode.swift; path = TriedCocktailSelectionViewModel.swift; sourceTree = "<group>"; };
		1C26963C2A4973FA00C1FC00 /* AppleAuthViewModel.swift */ = {isa = PBXFileReference; lastKnownFileType = sourcecode.swift; path = AppleAuthViewModel.swift; sourceTree = "<group>"; };
		1C34B66E2A84D27A00CB294C /* InformationCell.swift */ = {isa = PBXFileReference; lastKnownFileType = sourcecode.swift; path = InformationCell.swift; sourceTree = "<group>"; };
		1C5731792A06879400C19EE1 /* GradeView.swift */ = {isa = PBXFileReference; lastKnownFileType = sourcecode.swift; path = GradeView.swift; sourceTree = "<group>"; };
		1C58ECDA2A63C79C00AC2603 /* StoreHoldedIngredientUsecase.swift */ = {isa = PBXFileReference; lastKnownFileType = sourcecode.swift; path = StoreHoldedIngredientUsecase.swift; sourceTree = "<group>"; };
		1C58ECDC2A63C84800AC2603 /* FetchBriefDescriptionUsecase.swift */ = {isa = PBXFileReference; lastKnownFileType = sourcecode.swift; path = FetchBriefDescriptionUsecase.swift; sourceTree = "<group>"; };
		1C58ECDE2A63C85800AC2603 /* FetchDescriptionUsecase.swift */ = {isa = PBXFileReference; lastKnownFileType = sourcecode.swift; path = FetchDescriptionUsecase.swift; sourceTree = "<group>"; };
		1C58ECE02A63CA3A00AC2603 /* TriedCocktailRepository.swift */ = {isa = PBXFileReference; lastKnownFileType = sourcecode.swift; path = TriedCocktailRepository.swift; sourceTree = "<group>"; };
		1C58ECE22A63CA8100AC2603 /* BriefDescriptionRepository.swift */ = {isa = PBXFileReference; lastKnownFileType = sourcecode.swift; path = BriefDescriptionRepository.swift; sourceTree = "<group>"; };
		1C58ECE42A63CA9300AC2603 /* DescriptionRepository.swift */ = {isa = PBXFileReference; lastKnownFileType = sourcecode.swift; path = DescriptionRepository.swift; sourceTree = "<group>"; };
		1C58ECE62A63CB4700AC2603 /* CocktailBriefDescription.swift */ = {isa = PBXFileReference; lastKnownFileType = sourcecode.swift; path = CocktailBriefDescription.swift; sourceTree = "<group>"; };
		1C5906A42A21D5B3001F048B /* FilteredCocktailCell.swift */ = {isa = PBXFileReference; lastKnownFileType = sourcecode.swift; path = FilteredCocktailCell.swift; sourceTree = "<group>"; };
		1C5906A62A21DBE0001F048B /* FilterViewModel.swift */ = {isa = PBXFileReference; lastKnownFileType = sourcecode.swift; path = FilterViewModel.swift; sourceTree = "<group>"; };
		1C598F872A7B495C00B9DC93 /* TextInformationView.swift */ = {isa = PBXFileReference; lastKnownFileType = sourcecode.swift; path = TextInformationView.swift; sourceTree = "<group>"; };
		1C598F892A7BA02700B9DC93 /* ItemCell.swift */ = {isa = PBXFileReference; lastKnownFileType = sourcecode.swift; path = ItemCell.swift; sourceTree = "<group>"; };
		1C598F8B2A7D35ED00B9DC93 /* ProductDetailViewModel.swift */ = {isa = PBXFileReference; lastKnownFileType = sourcecode.swift; path = ProductDetailViewModel.swift; sourceTree = "<group>"; };
		1C5CAACC29DB1AE30053F19A /* Drinkin.app */ = {isa = PBXFileReference; explicitFileType = wrapper.application; includeInIndex = 0; path = Drinkin.app; sourceTree = BUILT_PRODUCTS_DIR; };
		1C5CAACF29DB1AE30053F19A /* AppDelegate.swift */ = {isa = PBXFileReference; lastKnownFileType = sourcecode.swift; path = AppDelegate.swift; sourceTree = "<group>"; };
		1C5CAAD129DB1AE30053F19A /* SceneDelegate.swift */ = {isa = PBXFileReference; lastKnownFileType = sourcecode.swift; path = SceneDelegate.swift; sourceTree = "<group>"; };
		1C5CAAD329DB1AE30053F19A /* ViewController.swift */ = {isa = PBXFileReference; lastKnownFileType = sourcecode.swift; path = ViewController.swift; sourceTree = "<group>"; };
		1C5CAAD829DB1AE50053F19A /* Assets.xcassets */ = {isa = PBXFileReference; lastKnownFileType = folder.assetcatalog; path = Assets.xcassets; sourceTree = "<group>"; };
		1C5CAADB29DB1AE50053F19A /* Base */ = {isa = PBXFileReference; lastKnownFileType = file.storyboard; name = Base; path = Base.lproj/LaunchScreen.storyboard; sourceTree = "<group>"; };
		1C5CAADD29DB1AE50053F19A /* Info.plist */ = {isa = PBXFileReference; lastKnownFileType = text.plist.xml; path = Info.plist; sourceTree = "<group>"; };
		1C5CAAF629DB208A0053F19A /* Config.xcconfig */ = {isa = PBXFileReference; lastKnownFileType = text.xcconfig; path = Config.xcconfig; sourceTree = "<group>"; };
		1C5CAB0029DB51680053F19A /* EndpointMakeable.swift */ = {isa = PBXFileReference; lastKnownFileType = sourcecode.swift; path = EndpointMakeable.swift; sourceTree = "<group>"; };
		1C5CAB0329DB51D10053F19A /* HoldedIngredientRepository.swift */ = {isa = PBXFileReference; lastKnownFileType = sourcecode.swift; path = HoldedIngredientRepository.swift; sourceTree = "<group>"; };
		1C5CAB0529DB51D50053F19A /* LoginRepository.swift */ = {isa = PBXFileReference; lastKnownFileType = sourcecode.swift; path = LoginRepository.swift; sourceTree = "<group>"; };
		1C60F6E129E527AC001C0416 /* MainVCCorrdinator.swift */ = {isa = PBXFileReference; lastKnownFileType = sourcecode.swift; path = MainVCCorrdinator.swift; sourceTree = "<group>"; };
		1C6636532A067F4B00C85374 /* SelectedView.swift */ = {isa = PBXFileReference; lastKnownFileType = sourcecode.swift; path = SelectedView.swift; sourceTree = "<group>"; };
		1C66713C29F95AF000B0E41F /* YellowRectangleView.swift */ = {isa = PBXFileReference; lastKnownFileType = sourcecode.swift; path = YellowRectangleView.swift; sourceTree = "<group>"; };
		1C66713E29F95B2700B0E41F /* EmptyRectangleView.swift */ = {isa = PBXFileReference; lastKnownFileType = sourcecode.swift; path = EmptyRectangleView.swift; sourceTree = "<group>"; };
		1C71A4AF2A5292A300F1814A /* GradePresentationView.swift */ = {isa = PBXFileReference; lastKnownFileType = sourcecode.swift; path = GradePresentationView.swift; sourceTree = "<group>"; };
		1C7A10432A74F6FF009961A1 /* CocktailDescription.swift */ = {isa = PBXFileReference; lastKnownFileType = sourcecode.swift; path = CocktailDescription.swift; sourceTree = "<group>"; };
		1C7A10452A74F8BA009961A1 /* ProductDetailDIContainer.swift */ = {isa = PBXFileReference; lastKnownFileType = sourcecode.swift; path = ProductDetailDIContainer.swift; sourceTree = "<group>"; };
		1C7A10482A74FB14009961A1 /* ProductDetailEndpoint.swift */ = {isa = PBXFileReference; lastKnownFileType = sourcecode.swift; path = ProductDetailEndpoint.swift; sourceTree = "<group>"; };
		1C9BAB1029EFADA500E979AC /* LoadingView.swift */ = {isa = PBXFileReference; lastKnownFileType = sourcecode.swift; path = LoadingView.swift; sourceTree = "<group>"; };
		1C9BAB1B29EFAEC500E979AC /* InformationCollectionView.swift */ = {isa = PBXFileReference; lastKnownFileType = sourcecode.swift; path = InformationCollectionView.swift; sourceTree = "<group>"; };
		1C9BAB1F29EFAED500E979AC /* ClickableInformationView.swift */ = {isa = PBXFileReference; lastKnownFileType = sourcecode.swift; path = ClickableInformationView.swift; sourceTree = "<group>"; };
		1C9BAB2729EFB58000E979AC /* CocktailInformationView.swift */ = {isa = PBXFileReference; lastKnownFileType = sourcecode.swift; path = CocktailInformationView.swift; sourceTree = "<group>"; };
		1CA20ECE2A52F4B2009FDD90 /* Pretendard-Medium.otf */ = {isa = PBXFileReference; lastKnownFileType = file; path = "Pretendard-Medium.otf"; sourceTree = "<group>"; };
		1CA20ED02A54073F009FDD90 /* RecommendPopupViewController.swift */ = {isa = PBXFileReference; lastKnownFileType = sourcecode.swift; path = RecommendPopupViewController.swift; sourceTree = "<group>"; };
		1CA20ED22A567AA6009FDD90 /* FilteredItem.swift */ = {isa = PBXFileReference; lastKnownFileType = sourcecode.swift; path = FilteredItem.swift; sourceTree = "<group>"; };
		1CA20ED52A568F21009FDD90 /* StoreTriedCocktailUsecase.swift */ = {isa = PBXFileReference; lastKnownFileType = sourcecode.swift; path = StoreTriedCocktailUsecase.swift; sourceTree = "<group>"; };
		1CA8ED252A65915600CE5E1A /* KeychainManager.swift */ = {isa = PBXFileReference; lastKnownFileType = sourcecode.swift; path = KeychainManager.swift; sourceTree = "<group>"; };
		1CA8ED282A6AB9BD00CE5E1A /* CocktailRecommendEndpoint.swift */ = {isa = PBXFileReference; lastKnownFileType = sourcecode.swift; path = CocktailRecommendEndpoint.swift; sourceTree = "<group>"; };
		1CA8ED4B2A6BAEF100CE5E1A /* CocktailRecommendViewModel.swift */ = {isa = PBXFileReference; lastKnownFileType = sourcecode.swift; path = CocktailRecommendViewModel.swift; sourceTree = "<group>"; };
		1CA968E62A8E40200076731B /* TitleText.swift */ = {isa = PBXFileReference; lastKnownFileType = sourcecode.swift; path = TitleText.swift; sourceTree = "<group>"; };
		1CA968E82A8E423B0076731B /* MiscStrings.swift */ = {isa = PBXFileReference; lastKnownFileType = sourcecode.swift; path = MiscStrings.swift; sourceTree = "<group>"; };
		1CA968EA2A8E43EC0076731B /* ImageStorage.swift */ = {isa = PBXFileReference; lastKnownFileType = sourcecode.swift; path = ImageStorage.swift; sourceTree = "<group>"; };
		1CA968EE2A8F587D0076731B /* TriedCocktailEndpoint.swift */ = {isa = PBXFileReference; lastKnownFileType = sourcecode.swift; path = TriedCocktailEndpoint.swift; sourceTree = "<group>"; };
		1CA969162A9078690076731B /* KeyChainError.swift */ = {isa = PBXFileReference; lastKnownFileType = sourcecode.swift; path = KeyChainError.swift; sourceTree = "<group>"; };
		1CA969182A9078860076731B /* TokenType.swift */ = {isa = PBXFileReference; lastKnownFileType = sourcecode.swift; path = TokenType.swift; sourceTree = "<group>"; };
		1CA9691A2A90D64B0076731B /* Provider.swift */ = {isa = PBXFileReference; lastKnownFileType = sourcecode.swift; path = Provider.swift; sourceTree = "<group>"; };
		1CA969202A91D99E0076731B /* SelectTriedCocktailUsecase.swift */ = {isa = PBXFileReference; lastKnownFileType = sourcecode.swift; path = SelectTriedCocktailUsecase.swift; sourceTree = "<group>"; };
		1CA969222A9332860076731B /* CategoryListStrings.swift */ = {isa = PBXFileReference; lastKnownFileType = sourcecode.swift; path = CategoryListStrings.swift; sourceTree = "<group>"; };
		1CA969242A9334980076731B /* TriedCocktailSelectionDIContainer.swift */ = {isa = PBXFileReference; lastKnownFileType = sourcecode.swift; path = TriedCocktailSelectionDIContainer.swift; sourceTree = "<group>"; };
		1CA969262A933C400076731B /* CocktailPreviewDescription.swift */ = {isa = PBXFileReference; lastKnownFileType = sourcecode.swift; path = CocktailPreviewDescription.swift; sourceTree = "<group>"; };
		1CA969282A949D070076731B /* SelectablePreviewDescription.swift */ = {isa = PBXFileReference; lastKnownFileType = sourcecode.swift; path = SelectablePreviewDescription.swift; sourceTree = "<group>"; };
		1CAFB67C2A5C328700A44167 /* IngredientQuantityView.swift */ = {isa = PBXFileReference; lastKnownFileType = sourcecode.swift; path = IngredientQuantityView.swift; sourceTree = "<group>"; };
		1CB096EE2A2A091000B7CA71 /* SelectionFilterCell.swift */ = {isa = PBXFileReference; lastKnownFileType = sourcecode.swift; path = SelectionFilterCell.swift; sourceTree = "<group>"; };
		1CB096F02A2A144D00B7CA71 /* FilterSelectionView.swift */ = {isa = PBXFileReference; lastKnownFileType = sourcecode.swift; path = FilterSelectionView.swift; sourceTree = "<group>"; };
		1CB299092A6E4A8B001F31BF /* UIImage +Extension.swift */ = {isa = PBXFileReference; lastKnownFileType = sourcecode.swift; path = "UIImage +Extension.swift"; sourceTree = "<group>"; };
		1CB299102A724136001F31BF /* DIContainer.swift */ = {isa = PBXFileReference; lastKnownFileType = sourcecode.swift; path = DIContainer.swift; sourceTree = "<group>"; };
		1CB299142A7247AF001F31BF /* CocktailRecommendCell.swift */ = {isa = PBXFileReference; fileEncoding = 4; lastKnownFileType = sourcecode.swift; path = CocktailRecommendCell.swift; sourceTree = "<group>"; };
		1CC9D3E72A19024C00654A5D /* HoldCollectionView.swift */ = {isa = PBXFileReference; lastKnownFileType = sourcecode.swift; path = HoldCollectionView.swift; sourceTree = "<group>"; };
		1CC9D3E92A19027400654A5D /* HoldCollectionViewCell.swift */ = {isa = PBXFileReference; lastKnownFileType = sourcecode.swift; path = HoldCollectionViewCell.swift; sourceTree = "<group>"; };
		1CC9D3ED2A19035600654A5D /* IdentifierType.swift */ = {isa = PBXFileReference; lastKnownFileType = sourcecode.swift; path = IdentifierType.swift; sourceTree = "<group>"; };
		1CC9D3EF2A1903EE00654A5D /* HoldView.swift */ = {isa = PBXFileReference; lastKnownFileType = sourcecode.swift; path = HoldView.swift; sourceTree = "<group>"; };
		1CC9D3F52A1A4A7300654A5D /* RixYeoljeongdo_Pro Regular.otf */ = {isa = PBXFileReference; lastKnownFileType = file; path = "RixYeoljeongdo_Pro Regular.otf"; sourceTree = "<group>"; };
		1CCE88DC29E9498D00D3E1D2 /* CocktailVCCoordinator.swift */ = {isa = PBXFileReference; lastKnownFileType = sourcecode.swift; path = CocktailVCCoordinator.swift; sourceTree = "<group>"; };
		1CCE88DE29E949A900D3E1D2 /* HomeBarVCCoordinator.swift */ = {isa = PBXFileReference; lastKnownFileType = sourcecode.swift; path = HomeBarVCCoordinator.swift; sourceTree = "<group>"; };
		1CCE88E029E94A3500D3E1D2 /* ProductDetailVCCoordinator.swift */ = {isa = PBXFileReference; lastKnownFileType = sourcecode.swift; path = ProductDetailVCCoordinator.swift; sourceTree = "<group>"; };
		1CCE88E229E94A7D00D3E1D2 /* TriedCocktailSelectionVCCoordinator.swift */ = {isa = PBXFileReference; lastKnownFileType = sourcecode.swift; path = TriedCocktailSelectionVCCoordinator.swift; sourceTree = "<group>"; };
		1CCE88E429E94AAF00D3E1D2 /* ToolModalVCCoordinator.swift */ = {isa = PBXFileReference; lastKnownFileType = sourcecode.swift; path = ToolModalVCCoordinator.swift; sourceTree = "<group>"; };
		1CCE88E629E94B4700D3E1D2 /* SkillModalVCCoordinator.swift */ = {isa = PBXFileReference; lastKnownFileType = sourcecode.swift; path = SkillModalVCCoordinator.swift; sourceTree = "<group>"; };
		1CCE88E829E94B5400D3E1D2 /* GlassModalVCCoordinator.swift */ = {isa = PBXFileReference; lastKnownFileType = sourcecode.swift; path = GlassModalVCCoordinator.swift; sourceTree = "<group>"; };
		1CCE88EA29E953E400D3E1D2 /* LoginProvider.swift */ = {isa = PBXFileReference; lastKnownFileType = sourcecode.swift; path = LoginProvider.swift; sourceTree = "<group>"; };
		1CCE88EC29EBA7AB00D3E1D2 /* Parser.swift */ = {isa = PBXFileReference; lastKnownFileType = sourcecode.swift; path = Parser.swift; sourceTree = "<group>"; };
		1CCE88EE29EBAB7900D3E1D2 /* ProductDetailViewController.swift */ = {isa = PBXFileReference; lastKnownFileType = sourcecode.swift; path = ProductDetailViewController.swift; sourceTree = "<group>"; };
		1CCE88F029EBABCE00D3E1D2 /* TipAndContentsView.swift */ = {isa = PBXFileReference; lastKnownFileType = sourcecode.swift; path = TipAndContentsView.swift; sourceTree = "<group>"; };
		1CCE88F229EBAC0800D3E1D2 /* IntroductionView.swift */ = {isa = PBXFileReference; lastKnownFileType = sourcecode.swift; path = IntroductionView.swift; sourceTree = "<group>"; };
		1CCE88F429EBAC2500D3E1D2 /* LeftAlignmentLayout.swift */ = {isa = PBXFileReference; lastKnownFileType = sourcecode.swift; path = LeftAlignmentLayout.swift; sourceTree = "<group>"; };
		1CCE88F929EBB2C200D3E1D2 /* CocktailSelectionCell.swift */ = {isa = PBXFileReference; lastKnownFileType = sourcecode.swift; path = CocktailSelectionCell.swift; sourceTree = "<group>"; };
		1CCE88FD29EBB32300D3E1D2 /* CategoryCell.swift */ = {isa = PBXFileReference; lastKnownFileType = sourcecode.swift; path = CategoryCell.swift; sourceTree = "<group>"; };
		1CCE88FF29EBBC3C00D3E1D2 /* LoginEndpoint.swift */ = {isa = PBXFileReference; lastKnownFileType = sourcecode.swift; path = LoginEndpoint.swift; sourceTree = "<group>"; };
		1CCE890129EBBCCA00D3E1D2 /* HTTPMethod.swift */ = {isa = PBXFileReference; lastKnownFileType = sourcecode.swift; path = HTTPMethod.swift; sourceTree = "<group>"; };
		1CCE890329EBBD9800D3E1D2 /* LoginService.swift */ = {isa = PBXFileReference; lastKnownFileType = sourcecode.swift; path = LoginService.swift; sourceTree = "<group>"; };
		1CCE890529EBC13C00D3E1D2 /* LoginToken.swift */ = {isa = PBXFileReference; lastKnownFileType = sourcecode.swift; path = LoginToken.swift; sourceTree = "<group>"; };
		1CCE890729EBC49400D3E1D2 /* RefreshEndpoint.swift */ = {isa = PBXFileReference; lastKnownFileType = sourcecode.swift; path = RefreshEndpoint.swift; sourceTree = "<group>"; };
		1CCE890929EBD9BF00D3E1D2 /* 12312312Endpoint.swift */ = {isa = PBXFileReference; lastKnownFileType = sourcecode.swift; path = 12312312Endpoint.swift; sourceTree = "<group>"; };
		1CDDB9232A3A109F0007983A /* FilterModalView.swift */ = {isa = PBXFileReference; lastKnownFileType = sourcecode.swift; path = FilterModalView.swift; sourceTree = "<group>"; };
		1CDDB9292A3AD7370007983A /* Pretendard-ExtraBold.otf */ = {isa = PBXFileReference; lastKnownFileType = file; path = "Pretendard-ExtraBold.otf"; sourceTree = "<group>"; };
		1CDDB92A2A3AD7370007983A /* Pretendard-Bold.otf */ = {isa = PBXFileReference; lastKnownFileType = file; path = "Pretendard-Bold.otf"; sourceTree = "<group>"; };
		1CDDB92D2A3AD87F0007983A /* Pretendard-SemiBold.otf */ = {isa = PBXFileReference; lastKnownFileType = file; path = "Pretendard-SemiBold.otf"; sourceTree = "<group>"; };
		1CED21972A739A700078916A /* Section.swift */ = {isa = PBXFileReference; lastKnownFileType = sourcecode.swift; path = Section.swift; sourceTree = "<group>"; };
		1CF26FA02A8B52BD0066E754 /* TriedCocktialSelectionViewController.swift */ = {isa = PBXFileReference; lastKnownFileType = sourcecode.swift; path = TriedCocktialSelectionViewController.swift; sourceTree = "<group>"; };
		1CF62FB52A1252F30043A32F /* FilterViewController.swift */ = {isa = PBXFileReference; lastKnownFileType = sourcecode.swift; path = FilterViewController.swift; sourceTree = "<group>"; };
/* End PBXFileReference section */

/* Begin PBXFrameworksBuildPhase section */
		1C5CAAC929DB1AE30053F19A /* Frameworks */ = {
			isa = PBXFrameworksBuildPhase;
			buildActionMask = 2147483647;
			files = (
				1C5CAAE529DB1F710053F19A /* KakaoSDK in Frameworks */,
				1C5CAAF129DB1F710053F19A /* KakaoSDKTalk in Frameworks */,
				1C5CAAE929DB1F710053F19A /* KakaoSDKCommon in Frameworks */,
				1C5CAAED29DB1F710053F19A /* KakaoSDKShare in Frameworks */,
				1C5CAAE729DB1F710053F19A /* KakaoSDKAuth in Frameworks */,
				1C5CAAF329DB1F710053F19A /* KakaoSDKTemplate in Frameworks */,
				1C5CAAEB29DB1F710053F19A /* KakaoSDKNavi in Frameworks */,
				1C5CAAEF29DB1F710053F19A /* KakaoSDKStory in Frameworks */,
				1C5CAAF529DB1F710053F19A /* KakaoSDKUser in Frameworks */,
				1C0809E629E044B300265706 /* SnapKit in Frameworks */,
			);
			runOnlyForDeploymentPostprocessing = 0;
		};
/* End PBXFrameworksBuildPhase section */

/* Begin PBXGroup section */
		1C04C18429DEEC2D00E381C2 /* FilterView */ = {
			isa = PBXGroup;
			children = (
				1CB096ED2A2A067900B7CA71 /* SelectionFilterCollectionView */,
				1CF62FB52A1252F30043A32F /* FilterViewController.swift */,
				1C5906A42A21D5B3001F048B /* FilteredCocktailCell.swift */,
				1C5906A62A21DBE0001F048B /* FilterViewModel.swift */,
			);
			path = FilterView;
			sourceTree = "<group>";
		};
		1C04C18529DEEC2F00E381C2 /* RectangleView */ = {
			isa = PBXGroup;
			children = (
				1C66713C29F95AF000B0E41F /* YellowRectangleView.swift */,
				1C66713E29F95B2700B0E41F /* EmptyRectangleView.swift */,
				1C5731792A06879400C19EE1 /* GradeView.swift */,
			);
			path = RectangleView;
			sourceTree = "<group>";
		};
		1C04C18629DEEC3100E381C2 /* LoadingView */ = {
			isa = PBXGroup;
			children = (
				1C9BAB1029EFADA500E979AC /* LoadingView.swift */,
			);
			path = LoadingView;
			sourceTree = "<group>";
		};
		1C04C18729DEEC3400E381C2 /* TriedCocktailSelection */ = {
			isa = PBXGroup;
			children = (
				1CD71F932A8B666000CBDF43 /* SelectedView */,
				1CD71F922A8B664900CBDF43 /* Cells */,
				1C2696382A4315D500C1FC00 /* ViewModel */,
				1CF26FA02A8B52BD0066E754 /* TriedCocktialSelectionViewController.swift */,
				1CA20ED02A54073F009FDD90 /* RecommendPopupViewController.swift */,
			);
			path = TriedCocktailSelection;
			sourceTree = "<group>";
		};
		1C04C18829DEEC3700E381C2 /* ProductDetailPage */ = {
			isa = PBXGroup;
			children = (
				1C7A10472A74F9EC009961A1 /* ProductDetailViewModel */,
				1C9BAB0B29EFA93400E979AC /* CocktailInformationView */,
				1CCE88EE29EBAB7900D3E1D2 /* ProductDetailViewController.swift */,
				1CCE88F029EBABCE00D3E1D2 /* TipAndContentsView.swift */,
				1CCE88F229EBAC0800D3E1D2 /* IntroductionView.swift */,
			);
			path = ProductDetailPage;
			sourceTree = "<group>";
		};
		1C04C18929DEEC3A00E381C2 /* Login */ = {
			isa = PBXGroup;
			children = (
				1C0809D829E03FDB00265706 /* LoginViewModel */,
				1C0809DB29E041E000265706 /* LoginViewController.swift */,
			);
			path = Login;
			sourceTree = "<group>";
		};
		1C04C18A29DEEC3C00E381C2 /* TabBar */ = {
			isa = PBXGroup;
			children = (
				1C16A8672A13ACDA001640E2 /* Main */,
				1C16A8682A13ACEB001640E2 /* CocktailFilter */,
				1C16A8692A13AD08001640E2 /* HomeBar */,
				1C04C19229DEECF800E381C2 /* TabBarController.swift */,
			);
			path = TabBar;
			sourceTree = "<group>";
		};
		1C04C18B29DEEC3F00E381C2 /* DetailModal */ = {
			isa = PBXGroup;
			children = (
				1C04C19029DEEC6F00E381C2 /* ToolModalViewController.swift */,
				1C04C18E29DEEC6200E381C2 /* BuildModalViewController.swift */,
				1C04C18C29DEEC5900E381C2 /* GlassModalViewController.swift */,
			);
			path = DetailModal;
			sourceTree = "<group>";
		};
		1C0809D829E03FDB00265706 /* LoginViewModel */ = {
			isa = PBXGroup;
			children = (
				1C0809D929E03FFB00265706 /* KakaoAuthViewModel.swift */,
				1C26963C2A4973FA00C1FC00 /* AppleAuthViewModel.swift */,
			);
			path = LoginViewModel;
			sourceTree = "<group>";
		};
		1C0809DD29E0438E00265706 /* Flow */ = {
			isa = PBXGroup;
			children = (
				1C0809E229E043FF00265706 /* Coordinator.swift */,
				1C0809DE29E043AE00265706 /* TabBarCoordinator */,
				1C0809DF29E043BA00265706 /* ModalCoordinator */,
				1CCE88E029E94A3500D3E1D2 /* ProductDetailVCCoordinator.swift */,
				1CCE88E229E94A7D00D3E1D2 /* TriedCocktailSelectionVCCoordinator.swift */,
			);
			path = Flow;
			sourceTree = "<group>";
		};
		1C0809DE29E043AE00265706 /* TabBarCoordinator */ = {
			isa = PBXGroup;
			children = (
				1C0809E029E043DF00265706 /* AppCoordinator.swift */,
				1C60F6E129E527AC001C0416 /* MainVCCorrdinator.swift */,
				1CCE88DC29E9498D00D3E1D2 /* CocktailVCCoordinator.swift */,
				1CCE88DE29E949A900D3E1D2 /* HomeBarVCCoordinator.swift */,
			);
			path = TabBarCoordinator;
			sourceTree = "<group>";
		};
		1C0809DF29E043BA00265706 /* ModalCoordinator */ = {
			isa = PBXGroup;
			children = (
				1CCE88E429E94AAF00D3E1D2 /* ToolModalVCCoordinator.swift */,
				1CCE88E629E94B4700D3E1D2 /* SkillModalVCCoordinator.swift */,
				1CCE88E829E94B5400D3E1D2 /* GlassModalVCCoordinator.swift */,
			);
			path = ModalCoordinator;
			sourceTree = "<group>";
		};
		1C16A8672A13ACDA001640E2 /* Main */ = {
			isa = PBXGroup;
			children = (
				1C2696412A4D80AF00C1FC00 /* UnloggedinMain */,
				1C2696402A4D80A200C1FC00 /* CocktailRecommend */,
				1CA8ED4A2A6BAEC800CE5E1A /* CocktailRecommendViewModel */,
				1C04C19929DEED3D00E381C2 /* MainViewController.swift */,
			);
			path = Main;
			sourceTree = "<group>";
		};
		1C16A8682A13ACEB001640E2 /* CocktailFilter */ = {
			isa = PBXGroup;
			children = (
				1C04C18429DEEC2D00E381C2 /* FilterView */,
			);
			path = CocktailFilter;
			sourceTree = "<group>";
		};
		1C16A8692A13AD08001640E2 /* HomeBar */ = {
			isa = PBXGroup;
			children = (
				1C04C19529DEED2700E381C2 /* HomeBarViewController.swift */,
			);
			path = HomeBar;
			sourceTree = "<group>";
		};
		1C2696382A4315D500C1FC00 /* ViewModel */ = {
			isa = PBXGroup;
			children = (
				1C2696392A4315F300C1FC00 /* TriedCocktailSelectionViewModel.swift */,
			);
			path = ViewModel;
			sourceTree = "<group>";
		};
		1C2696402A4D80A200C1FC00 /* CocktailRecommend */ = {
			isa = PBXGroup;
			children = (
				1CC9D3E62A1901BF00654A5D /* CocktailRecommendCell */,
				1C16A86A2A13AD3D001640E2 /* CocktailRecommendViewController.swift */,
			);
			path = CocktailRecommend;
			sourceTree = "<group>";
		};
		1C2696412A4D80AF00C1FC00 /* UnloggedinMain */ = {
			isa = PBXGroup;
			children = (
				1C16A86C2A13ADA5001640E2 /* UnloggedinMainViewController.swift */,
			);
			path = UnloggedinMain;
			sourceTree = "<group>";
		};
		1C598F862A7B494600B9DC93 /* TextInformationView */ = {
			isa = PBXGroup;
			children = (
				1C598F872A7B495C00B9DC93 /* TextInformationView.swift */,
			);
			path = TextInformationView;
			sourceTree = "<group>";
		};
		1C5CAAC329DB1AE30053F19A = {
			isa = PBXGroup;
			children = (
				1C5CAACE29DB1AE30053F19A /* Drinkin */,
				1C5CAACD29DB1AE30053F19A /* Products */,
			);
			sourceTree = "<group>";
		};
		1C5CAACD29DB1AE30053F19A /* Products */ = {
			isa = PBXGroup;
			children = (
				1C5CAACC29DB1AE30053F19A /* Drinkin.app */,
			);
			name = Products;
			sourceTree = "<group>";
		};
		1C5CAACE29DB1AE30053F19A /* Drinkin */ = {
			isa = PBXGroup;
			children = (
				1CB2990E2A72405A001F31BF /* Application */,
				1CC9D3F12A19C92900654A5D /* Resource */,
				1CC9D3EB2A19033100654A5D /* Utils */,
				1C5CAAFF29DB51560053F19A /* Network */,
				1C5CAAFB29DB50CC0053F19A /* Data */,
				1C5CAAF929DB50A80053F19A /* Domain */,
				1C5CAAFA29DB50B00053F19A /* Present */,
				1C5CAAD329DB1AE30053F19A /* ViewController.swift */,
				1C5CAAD829DB1AE50053F19A /* Assets.xcassets */,
				1C5CAADA29DB1AE50053F19A /* LaunchScreen.storyboard */,
				1C5CAADD29DB1AE50053F19A /* Info.plist */,
				1C5CAAF629DB208A0053F19A /* Config.xcconfig */,
			);
			path = Drinkin;
			sourceTree = "<group>";
		};
		1C5CAAF929DB50A80053F19A /* Domain */ = {
			isa = PBXGroup;
			children = (
				1C66711029F8225A00B0E41F /* Entity */,
				1CA20ED42A567E9A009FDD90 /* Usecase */,
			);
			path = Domain;
			sourceTree = "<group>";
		};
		1C5CAAFA29DB50B00053F19A /* Present */ = {
			isa = PBXGroup;
			children = (
				1C0809DD29E0438E00265706 /* Flow */,
				1C04C18B29DEEC3F00E381C2 /* DetailModal */,
				1C04C18A29DEEC3C00E381C2 /* TabBar */,
				1C04C18929DEEC3A00E381C2 /* Login */,
				1C04C18829DEEC3700E381C2 /* ProductDetailPage */,
				1C04C18729DEEC3400E381C2 /* TriedCocktailSelection */,
				1C04C18629DEEC3100E381C2 /* LoadingView */,
			);
			path = Present;
			sourceTree = "<group>";
		};
		1C5CAAFB29DB50CC0053F19A /* Data */ = {
			isa = PBXGroup;
			children = (
				1C5CAB0229DB51C40053F19A /* Repository */,
			);
			path = Data;
			sourceTree = "<group>";
		};
		1C5CAAFF29DB51560053F19A /* Network */ = {
			isa = PBXGroup;
			children = (
				1CA8ED272A69558C00CE5E1A /* Endpoint */,
				1CCE88EA29E953E400D3E1D2 /* LoginProvider.swift */,
				1CCE88EC29EBA7AB00D3E1D2 /* Parser.swift */,
				1CCE890329EBBD9800D3E1D2 /* LoginService.swift */,
				1CA9691A2A90D64B0076731B /* Provider.swift */,
			);
			path = Network;
			sourceTree = "<group>";
		};
		1C5CAB0229DB51C40053F19A /* Repository */ = {
			isa = PBXGroup;
			children = (
				1C5CAB0329DB51D10053F19A /* HoldedIngredientRepository.swift */,
				1C58ECE02A63CA3A00AC2603 /* TriedCocktailRepository.swift */,
				1C5CAB0529DB51D50053F19A /* LoginRepository.swift */,
				1C58ECE22A63CA8100AC2603 /* BriefDescriptionRepository.swift */,
				1C58ECE42A63CA9300AC2603 /* DescriptionRepository.swift */,
			);
			path = Repository;
			sourceTree = "<group>";
		};
		1C66711029F8225A00B0E41F /* Entity */ = {
			isa = PBXGroup;
			children = (
				1CCE890529EBC13C00D3E1D2 /* LoginToken.swift */,
				1CA20ED22A567AA6009FDD90 /* FilteredItem.swift */,
				1C58ECE62A63CB4700AC2603 /* CocktailBriefDescription.swift */,
				1C7A10432A74F6FF009961A1 /* CocktailDescription.swift */,
				1CA969262A933C400076731B /* CocktailPreviewDescription.swift */,
				1CA969282A949D070076731B /* SelectablePreviewDescription.swift */,
			);
			path = Entity;
			sourceTree = "<group>";
		};
		1C71A4AD2A52928500F1814A /* CommonTool */ = {
			isa = PBXGroup;
			children = (
				1CCE88F429EBAC2500D3E1D2 /* LeftAlignmentLayout.swift */,
			);
			path = CommonTool;
			sourceTree = "<group>";
		};
		1C71A4AE2A52929300F1814A /* CommonView */ = {
			isa = PBXGroup;
			children = (
				1C04C18529DEEC2F00E381C2 /* RectangleView */,
				1C71A4AF2A5292A300F1814A /* GradePresentationView.swift */,
				1CAFB67C2A5C328700A44167 /* IngredientQuantityView.swift */,
			);
			path = CommonView;
			sourceTree = "<group>";
		};
		1C7A10472A74F9EC009961A1 /* ProductDetailViewModel */ = {
			isa = PBXGroup;
			children = (
				1C598F8B2A7D35ED00B9DC93 /* ProductDetailViewModel.swift */,
			);
			path = ProductDetailViewModel;
			sourceTree = "<group>";
		};
		1C9BAAEA29EC15EA00E979AC /* LoginEndpoint */ = {
			isa = PBXGroup;
			children = (
				1CCE88FF29EBBC3C00D3E1D2 /* LoginEndpoint.swift */,
				1CCE890729EBC49400D3E1D2 /* RefreshEndpoint.swift */,
				1CCE890929EBD9BF00D3E1D2 /* 12312312Endpoint.swift */,
			);
			path = LoginEndpoint;
			sourceTree = "<group>";
		};
		1C9BAB0B29EFA93400E979AC /* CocktailInformationView */ = {
			isa = PBXGroup;
			children = (
				1C9BAB0C29EFA94200E979AC /* CollectionView */,
				1C9BAB2729EFB58000E979AC /* CocktailInformationView.swift */,
				1C598F892A7BA02700B9DC93 /* ItemCell.swift */,
			);
			path = CocktailInformationView;
			sourceTree = "<group>";
		};
		1C9BAB0C29EFA94200E979AC /* CollectionView */ = {
			isa = PBXGroup;
			children = (
				1C598F862A7B494600B9DC93 /* TextInformationView */,
				1C9BAB1429EFAE4C00E979AC /* SkillView */,
			);
			path = CollectionView;
			sourceTree = "<group>";
		};
		1C9BAB1429EFAE4C00E979AC /* SkillView */ = {
			isa = PBXGroup;
			children = (
				1C9BAB1B29EFAEC500E979AC /* InformationCollectionView.swift */,
				1C9BAB1F29EFAED500E979AC /* ClickableInformationView.swift */,
				1C34B66E2A84D27A00CB294C /* InformationCell.swift */,
			);
			path = SkillView;
			sourceTree = "<group>";
		};
		1CA20ED42A567E9A009FDD90 /* Usecase */ = {
			isa = PBXGroup;
			children = (
				1CA20ED52A568F21009FDD90 /* StoreTriedCocktailUsecase.swift */,
				1C58ECDA2A63C79C00AC2603 /* StoreHoldedIngredientUsecase.swift */,
				1C58ECDC2A63C84800AC2603 /* FetchBriefDescriptionUsecase.swift */,
				1C58ECDE2A63C85800AC2603 /* FetchDescriptionUsecase.swift */,
				1CA969202A91D99E0076731B /* SelectTriedCocktailUsecase.swift */,
			);
			path = Usecase;
			sourceTree = "<group>";
		};
		1CA8ED272A69558C00CE5E1A /* Endpoint */ = {
			isa = PBXGroup;
			children = (
				1C9BAAEA29EC15EA00E979AC /* LoginEndpoint */,
				1CA968F02A8F66410076731B /* UIEndpoint */,
				1C5CAB0029DB51680053F19A /* EndpointMakeable.swift */,
			);
			path = Endpoint;
			sourceTree = "<group>";
		};
		1CA8ED4A2A6BAEC800CE5E1A /* CocktailRecommendViewModel */ = {
			isa = PBXGroup;
			children = (
				1CA8ED4B2A6BAEF100CE5E1A /* CocktailRecommendViewModel.swift */,
			);
			path = CocktailRecommendViewModel;
			sourceTree = "<group>";
		};
		1CA968E52A8E40120076731B /* Enum */ = {
			isa = PBXGroup;
			children = (
				1CCE890129EBBCCA00D3E1D2 /* HTTPMethod.swift */,
				1CA968E62A8E40200076731B /* TitleText.swift */,
				1CA968E82A8E423B0076731B /* MiscStrings.swift */,
				1CA968EA2A8E43EC0076731B /* ImageStorage.swift */,
				1CA969182A9078860076731B /* TokenType.swift */,
				1CA969222A9332860076731B /* CategoryListStrings.swift */,
			);
			path = Enum;
			sourceTree = "<group>";
		};
		1CA968F02A8F66410076731B /* UIEndpoint */ = {
			isa = PBXGroup;
			children = (
				1C7A10482A74FB14009961A1 /* ProductDetailEndpoint.swift */,
				1CA8ED282A6AB9BD00CE5E1A /* CocktailRecommendEndpoint.swift */,
				1CA968EE2A8F587D0076731B /* TriedCocktailEndpoint.swift */,
			);
			path = UIEndpoint;
			sourceTree = "<group>";
		};
		1CA969152A9059800076731B /* KeyChain */ = {
			isa = PBXGroup;
			children = (
				1CA8ED252A65915600CE5E1A /* KeychainManager.swift */,
				1CA969162A9078690076731B /* KeyChainError.swift */,
			);
			path = KeyChain;
			sourceTree = "<group>";
		};
		1CB096ED2A2A067900B7CA71 /* SelectionFilterCollectionView */ = {
			isa = PBXGroup;
			children = (
				1CB096EE2A2A091000B7CA71 /* SelectionFilterCell.swift */,
				1CB096F02A2A144D00B7CA71 /* FilterSelectionView.swift */,
				1CDDB9232A3A109F0007983A /* FilterModalView.swift */,
			);
			path = SelectionFilterCollectionView;
			sourceTree = "<group>";
		};
		1CB299082A6E4A73001F31BF /* Extension */ = {
			isa = PBXGroup;
			children = (
				1CB299092A6E4A8B001F31BF /* UIImage +Extension.swift */,
			);
			path = Extension;
			sourceTree = "<group>";
		};
		1CB2990B2A6E9AC9001F31BF /* HoldView */ = {
			isa = PBXGroup;
			children = (
				1CC9D3EF2A1903EE00654A5D /* HoldView.swift */,
				1CC9D3E72A19024C00654A5D /* HoldCollectionView.swift */,
				1CC9D3E92A19027400654A5D /* HoldCollectionViewCell.swift */,
			);
			path = HoldView;
			sourceTree = "<group>";
		};
		1CB2990E2A72405A001F31BF /* Application */ = {
			isa = PBXGroup;
			children = (
				1CB2990F2A724092001F31BF /* DIContainer */,
				1C5CAACF29DB1AE30053F19A /* AppDelegate.swift */,
				1C5CAAD129DB1AE30053F19A /* SceneDelegate.swift */,
			);
			path = Application;
			sourceTree = "<group>";
		};
		1CB2990F2A724092001F31BF /* DIContainer */ = {
			isa = PBXGroup;
			children = (
				1CB299102A724136001F31BF /* DIContainer.swift */,
				1C7A10452A74F8BA009961A1 /* ProductDetailDIContainer.swift */,
				1CA969242A9334980076731B /* TriedCocktailSelectionDIContainer.swift */,
			);
			path = DIContainer;
			sourceTree = "<group>";
		};
		1CC9D3E62A1901BF00654A5D /* CocktailRecommendCell */ = {
			isa = PBXGroup;
			children = (
				1CB299142A7247AF001F31BF /* CocktailRecommendCell.swift */,
				1CB2990B2A6E9AC9001F31BF /* HoldView */,
			);
			path = CocktailRecommendCell;
			sourceTree = "<group>";
		};
		1CC9D3EB2A19033100654A5D /* Utils */ = {
			isa = PBXGroup;
			children = (
				1CA968E52A8E40120076731B /* Enum */,
				1CED21962A739A590078916A /* Section */,
				1CB299082A6E4A73001F31BF /* Extension */,
				1C71A4AE2A52929300F1814A /* CommonView */,
				1C71A4AD2A52928500F1814A /* CommonTool */,
				1CA969152A9059800076731B /* KeyChain */,
				1CC9D3EC2A19034900654A5D /* Protocol */,
			);
			path = Utils;
			sourceTree = "<group>";
		};
		1CC9D3EC2A19034900654A5D /* Protocol */ = {
			isa = PBXGroup;
			children = (
				1CC9D3ED2A19035600654A5D /* IdentifierType.swift */,
			);
			path = Protocol;
			sourceTree = "<group>";
		};
		1CC9D3F12A19C92900654A5D /* Resource */ = {
			isa = PBXGroup;
			children = (
				1CC9D3F42A1A4A3100654A5D /* Font */,
			);
			path = Resource;
			sourceTree = "<group>";
		};
		1CC9D3F42A1A4A3100654A5D /* Font */ = {
			isa = PBXGroup;
			children = (
				1CA20ECE2A52F4B2009FDD90 /* Pretendard-Medium.otf */,
				1CDDB92A2A3AD7370007983A /* Pretendard-Bold.otf */,
				1C2696362A43111A00C1FC00 /* Pretendard-Black.otf */,
				1CDDB92D2A3AD87F0007983A /* Pretendard-SemiBold.otf */,
				1CDDB9292A3AD7370007983A /* Pretendard-ExtraBold.otf */,
				1CC9D3F52A1A4A7300654A5D /* RixYeoljeongdo_Pro Regular.otf */,
			);
			path = Font;
			sourceTree = "<group>";
		};
		1CD71F922A8B664900CBDF43 /* Cells */ = {
			isa = PBXGroup;
			children = (
				1CCE88FD29EBB32300D3E1D2 /* CategoryCell.swift */,
				1CCE88F929EBB2C200D3E1D2 /* CocktailSelectionCell.swift */,
			);
			path = Cells;
			sourceTree = "<group>";
		};
		1CD71F932A8B666000CBDF43 /* SelectedView */ = {
			isa = PBXGroup;
			children = (
				1C6636532A067F4B00C85374 /* SelectedView.swift */,
			);
			path = SelectedView;
			sourceTree = "<group>";
		};
		1CED21962A739A590078916A /* Section */ = {
			isa = PBXGroup;
			children = (
				1CED21972A739A700078916A /* Section.swift */,
			);
			path = Section;
			sourceTree = "<group>";
		};
/* End PBXGroup section */

/* Begin PBXNativeTarget section */
		1C5CAACB29DB1AE30053F19A /* Drinkin */ = {
			isa = PBXNativeTarget;
			buildConfigurationList = 1C5CAAE029DB1AE50053F19A /* Build configuration list for PBXNativeTarget "Drinkin" */;
			buildPhases = (
				1C5CAAC829DB1AE30053F19A /* Sources */,
				1C5CAAC929DB1AE30053F19A /* Frameworks */,
				1C5CAACA29DB1AE30053F19A /* Resources */,
			);
			buildRules = (
			);
			dependencies = (
			);
			name = Drinkin;
			packageProductDependencies = (
				1C5CAAE429DB1F710053F19A /* KakaoSDK */,
				1C5CAAE629DB1F710053F19A /* KakaoSDKAuth */,
				1C5CAAE829DB1F710053F19A /* KakaoSDKCommon */,
				1C5CAAEA29DB1F710053F19A /* KakaoSDKNavi */,
				1C5CAAEC29DB1F710053F19A /* KakaoSDKShare */,
				1C5CAAEE29DB1F710053F19A /* KakaoSDKStory */,
				1C5CAAF029DB1F710053F19A /* KakaoSDKTalk */,
				1C5CAAF229DB1F710053F19A /* KakaoSDKTemplate */,
				1C5CAAF429DB1F710053F19A /* KakaoSDKUser */,
				1C0809E529E044B300265706 /* SnapKit */,
			);
			productName = Drinkin;
			productReference = 1C5CAACC29DB1AE30053F19A /* Drinkin.app */;
			productType = "com.apple.product-type.application";
		};
/* End PBXNativeTarget section */

/* Begin PBXProject section */
		1C5CAAC429DB1AE30053F19A /* Project object */ = {
			isa = PBXProject;
			attributes = {
				BuildIndependentTargetsInParallel = 1;
				LastSwiftUpdateCheck = 1420;
				LastUpgradeCheck = 1420;
				TargetAttributes = {
					1C5CAACB29DB1AE30053F19A = {
						CreatedOnToolsVersion = 14.2;
					};
				};
			};
			buildConfigurationList = 1C5CAAC729DB1AE30053F19A /* Build configuration list for PBXProject "Drinkin" */;
			compatibilityVersion = "Xcode 14.0";
			developmentRegion = en;
			hasScannedForEncodings = 0;
			knownRegions = (
				en,
				Base,
			);
			mainGroup = 1C5CAAC329DB1AE30053F19A;
			packageReferences = (
				1C5CAAE329DB1F710053F19A /* XCRemoteSwiftPackageReference "kakao-ios-sdk" */,
				1C0809E429E044B300265706 /* XCRemoteSwiftPackageReference "SnapKit" */,
			);
			productRefGroup = 1C5CAACD29DB1AE30053F19A /* Products */;
			projectDirPath = "";
			projectRoot = "";
			targets = (
				1C5CAACB29DB1AE30053F19A /* Drinkin */,
			);
		};
/* End PBXProject section */

/* Begin PBXResourcesBuildPhase section */
		1C5CAACA29DB1AE30053F19A /* Resources */ = {
			isa = PBXResourcesBuildPhase;
			buildActionMask = 2147483647;
			files = (
				1C5CAADC29DB1AE50053F19A /* LaunchScreen.storyboard in Resources */,
				1CDDB92C2A3AD7370007983A /* Pretendard-Bold.otf in Resources */,
				1C5CAAD929DB1AE50053F19A /* Assets.xcassets in Resources */,
				1CA20ECF2A52F4B2009FDD90 /* Pretendard-Medium.otf in Resources */,
				1CDDB92E2A3AD87F0007983A /* Pretendard-SemiBold.otf in Resources */,
				1CDDB92B2A3AD7370007983A /* Pretendard-ExtraBold.otf in Resources */,
				1C2696372A43111A00C1FC00 /* Pretendard-Black.otf in Resources */,
				1CC9D3F62A1A4A7300654A5D /* RixYeoljeongdo_Pro Regular.otf in Resources */,
			);
			runOnlyForDeploymentPostprocessing = 0;
		};
/* End PBXResourcesBuildPhase section */

/* Begin PBXSourcesBuildPhase section */
		1C5CAAC829DB1AE30053F19A /* Sources */ = {
			isa = PBXSourcesBuildPhase;
			buildActionMask = 2147483647;
			files = (
				1CA969272A933C400076731B /* CocktailPreviewDescription.swift in Sources */,
				1C60F6E229E527AC001C0416 /* MainVCCorrdinator.swift in Sources */,
				1CCE890A29EBD9BF00D3E1D2 /* 12312312Endpoint.swift in Sources */,
				1C58ECDD2A63C84800AC2603 /* FetchBriefDescriptionUsecase.swift in Sources */,
				1C7A10442A74F6FF009961A1 /* CocktailDescription.swift in Sources */,
				1CA20ED62A568F21009FDD90 /* StoreTriedCocktailUsecase.swift in Sources */,
				1CCE88E329E94A7D00D3E1D2 /* TriedCocktailSelectionVCCoordinator.swift in Sources */,
				1CCE88EF29EBAB7900D3E1D2 /* ProductDetailViewController.swift in Sources */,
				1CA969212A91D99E0076731B /* SelectTriedCocktailUsecase.swift in Sources */,
				1C58ECE32A63CA8100AC2603 /* BriefDescriptionRepository.swift in Sources */,
				1CA968EB2A8E43EC0076731B /* ImageStorage.swift in Sources */,
				1C7A10492A74FB14009961A1 /* ProductDetailEndpoint.swift in Sources */,
				1C9BAB2029EFAED500E979AC /* ClickableInformationView.swift in Sources */,
				1CA968E92A8E423B0076731B /* MiscStrings.swift in Sources */,
				1CC9D3F02A1903EE00654A5D /* HoldView.swift in Sources */,
				1C9BAB1C29EFAEC500E979AC /* InformationCollectionView.swift in Sources */,
				1CB299152A7247AF001F31BF /* CocktailRecommendCell.swift in Sources */,
				1CDDB9242A3A109F0007983A /* FilterModalView.swift in Sources */,
				1CCE88FE29EBB32300D3E1D2 /* CategoryCell.swift in Sources */,
				1CB096F12A2A144D00B7CA71 /* FilterSelectionView.swift in Sources */,
				1CA968E72A8E40200076731B /* TitleText.swift in Sources */,
				1C16A86D2A13ADA5001640E2 /* UnloggedinMainViewController.swift in Sources */,
				1CCE88F129EBABCE00D3E1D2 /* TipAndContentsView.swift in Sources */,
				1C04C19329DEECF800E381C2 /* TabBarController.swift in Sources */,
				1CB2990A2A6E4A8B001F31BF /* UIImage +Extension.swift in Sources */,
				1CA968EF2A8F587D0076731B /* TriedCocktailEndpoint.swift in Sources */,
				1C5CAB0129DB51680053F19A /* EndpointMakeable.swift in Sources */,
				1CA969192A9078860076731B /* TokenType.swift in Sources */,
				1CB299112A724136001F31BF /* DIContainer.swift in Sources */,
				1C5CAB0629DB51D50053F19A /* LoginRepository.swift in Sources */,
				1CCE88DF29E949A900D3E1D2 /* HomeBarVCCoordinator.swift in Sources */,
				1C5906A72A21DBE0001F048B /* FilterViewModel.swift in Sources */,
				1C71A4B02A5292A300F1814A /* GradePresentationView.swift in Sources */,
				1CF26FA12A8B52BD0066E754 /* TriedCocktialSelectionViewController.swift in Sources */,
				1CCE88EB29E953E400D3E1D2 /* LoginProvider.swift in Sources */,
				1C66713F29F95B2700B0E41F /* EmptyRectangleView.swift in Sources */,
				1CB096EF2A2A091000B7CA71 /* SelectionFilterCell.swift in Sources */,
				1C58ECDF2A63C85800AC2603 /* FetchDescriptionUsecase.swift in Sources */,
				1C04C19A29DEED3D00E381C2 /* MainViewController.swift in Sources */,
				1CCE88E129E94A3500D3E1D2 /* ProductDetailVCCoordinator.swift in Sources */,
				1C0809E129E043DF00265706 /* AppCoordinator.swift in Sources */,
				1CA20ED32A567AA6009FDD90 /* FilteredItem.swift in Sources */,
				1CCE88FA29EBB2C200D3E1D2 /* CocktailSelectionCell.swift in Sources */,
				1C5CAAD429DB1AE30053F19A /* ViewController.swift in Sources */,
				1CA8ED292A6AB9BD00CE5E1A /* CocktailRecommendEndpoint.swift in Sources */,
				1C0809E329E043FF00265706 /* Coordinator.swift in Sources */,
				1C9BAB2829EFB58000E979AC /* CocktailInformationView.swift in Sources */,
				1C04C18F29DEEC6200E381C2 /* BuildModalViewController.swift in Sources */,
				1CCE890429EBBD9800D3E1D2 /* LoginService.swift in Sources */,
				1CA9691B2A90D64B0076731B /* Provider.swift in Sources */,
				1CA8ED4C2A6BAEF100CE5E1A /* CocktailRecommendViewModel.swift in Sources */,
				1CED21982A739A700078916A /* Section.swift in Sources */,
				1CA969252A9334980076731B /* TriedCocktailSelectionDIContainer.swift in Sources */,
				1C58ECE72A63CB4700AC2603 /* CocktailBriefDescription.swift in Sources */,
				1C58ECE52A63CA9300AC2603 /* DescriptionRepository.swift in Sources */,
				1CCE88E729E94B4700D3E1D2 /* SkillModalVCCoordinator.swift in Sources */,
				1C04C18D29DEEC5900E381C2 /* GlassModalViewController.swift in Sources */,
				1C58ECE12A63CA3A00AC2603 /* TriedCocktailRepository.swift in Sources */,
				1CA969292A949D070076731B /* SelectablePreviewDescription.swift in Sources */,
				1C6636542A067F4B00C85374 /* SelectedView.swift in Sources */,
				1C66713D29F95AF000B0E41F /* YellowRectangleView.swift in Sources */,
				1C57317A2A06879400C19EE1 /* GradeView.swift in Sources */,
				1C0809DC29E041E000265706 /* LoginViewController.swift in Sources */,
				1C598F882A7B495C00B9DC93 /* TextInformationView.swift in Sources */,
				1CCE890829EBC49400D3E1D2 /* RefreshEndpoint.swift in Sources */,
				1CA969172A9078690076731B /* KeyChainError.swift in Sources */,
				1C34B66F2A84D27A00CB294C /* InformationCell.swift in Sources */,
				1C04C19629DEED2700E381C2 /* HomeBarViewController.swift in Sources */,
				1CCE890629EBC13C00D3E1D2 /* LoginToken.swift in Sources */,
				1C26963D2A4973FA00C1FC00 /* AppleAuthViewModel.swift in Sources */,
				1C5CAAD029DB1AE30053F19A /* AppDelegate.swift in Sources */,
				1CA969232A9332860076731B /* CategoryListStrings.swift in Sources */,
				1C5CAAD229DB1AE30053F19A /* SceneDelegate.swift in Sources */,
				1C58ECDB2A63C79C00AC2603 /* StoreHoldedIngredientUsecase.swift in Sources */,
				1C7A10462A74F8BA009961A1 /* ProductDetailDIContainer.swift in Sources */,
				1CC9D3E82A19024C00654A5D /* HoldCollectionView.swift in Sources */,
				1C04C19129DEEC6F00E381C2 /* ToolModalViewController.swift in Sources */,
				1CCE890029EBBC3C00D3E1D2 /* LoginEndpoint.swift in Sources */,
				1C16A86B2A13AD3D001640E2 /* CocktailRecommendViewController.swift in Sources */,
				1CCE88E529E94AAF00D3E1D2 /* ToolModalVCCoordinator.swift in Sources */,
				1CF62FB62A1252F30043A32F /* FilterViewController.swift in Sources */,
				1CCE890229EBBCCA00D3E1D2 /* HTTPMethod.swift in Sources */,
				1CCE88E929E94B5400D3E1D2 /* GlassModalVCCoordinator.swift in Sources */,
				1CAFB67D2A5C328700A44167 /* IngredientQuantityView.swift in Sources */,
				1C9BAB1129EFADA500E979AC /* LoadingView.swift in Sources */,
				1CC9D3EA2A19027400654A5D /* HoldCollectionViewCell.swift in Sources */,
				1CCE88F529EBAC2500D3E1D2 /* LeftAlignmentLayout.swift in Sources */,
				1C598F8C2A7D35ED00B9DC93 /* ProductDetailViewModel.swift in Sources */,
				1C598F8A2A7BA02700B9DC93 /* ItemCell.swift in Sources */,
				1CA8ED262A65915600CE5E1A /* KeychainManager.swift in Sources */,
				1C26963A2A4315F300C1FC00 /* TriedCocktailSelectionViewModel.swift in Sources */,
				1C0809DA29E03FFB00265706 /* KakaoAuthViewModel.swift in Sources */,
				1C5CAB0429DB51D10053F19A /* HoldedIngredientRepository.swift in Sources */,
				1CCE88F329EBAC0800D3E1D2 /* IntroductionView.swift in Sources */,
				1CC9D3EE2A19035600654A5D /* IdentifierType.swift in Sources */,
				1CCE88ED29EBA7AB00D3E1D2 /* Parser.swift in Sources */,
				1CCE88DD29E9498D00D3E1D2 /* CocktailVCCoordinator.swift in Sources */,
				1CA20ED12A54073F009FDD90 /* RecommendPopupViewController.swift in Sources */,
				1C5906A52A21D5B3001F048B /* FilteredCocktailCell.swift in Sources */,
			);
			runOnlyForDeploymentPostprocessing = 0;
		};
/* End PBXSourcesBuildPhase section */

/* Begin PBXVariantGroup section */
		1C5CAADA29DB1AE50053F19A /* LaunchScreen.storyboard */ = {
			isa = PBXVariantGroup;
			children = (
				1C5CAADB29DB1AE50053F19A /* Base */,
			);
			name = LaunchScreen.storyboard;
			sourceTree = "<group>";
		};
/* End PBXVariantGroup section */

/* Begin XCBuildConfiguration section */
		1C5CAADE29DB1AE50053F19A /* Debug */ = {
			isa = XCBuildConfiguration;
			baseConfigurationReference = 1C5CAAF629DB208A0053F19A /* Config.xcconfig */;
			buildSettings = {
				ALWAYS_SEARCH_USER_PATHS = NO;
				CLANG_ANALYZER_NONNULL = YES;
				CLANG_ANALYZER_NUMBER_OBJECT_CONVERSION = YES_AGGRESSIVE;
				CLANG_CXX_LANGUAGE_STANDARD = "gnu++20";
				CLANG_ENABLE_MODULES = YES;
				CLANG_ENABLE_OBJC_ARC = YES;
				CLANG_ENABLE_OBJC_WEAK = YES;
				CLANG_WARN_BLOCK_CAPTURE_AUTORELEASING = YES;
				CLANG_WARN_BOOL_CONVERSION = YES;
				CLANG_WARN_COMMA = YES;
				CLANG_WARN_CONSTANT_CONVERSION = YES;
				CLANG_WARN_DEPRECATED_OBJC_IMPLEMENTATIONS = YES;
				CLANG_WARN_DIRECT_OBJC_ISA_USAGE = YES_ERROR;
				CLANG_WARN_DOCUMENTATION_COMMENTS = YES;
				CLANG_WARN_EMPTY_BODY = YES;
				CLANG_WARN_ENUM_CONVERSION = YES;
				CLANG_WARN_INFINITE_RECURSION = YES;
				CLANG_WARN_INT_CONVERSION = YES;
				CLANG_WARN_NON_LITERAL_NULL_CONVERSION = YES;
				CLANG_WARN_OBJC_IMPLICIT_RETAIN_SELF = YES;
				CLANG_WARN_OBJC_LITERAL_CONVERSION = YES;
				CLANG_WARN_OBJC_ROOT_CLASS = YES_ERROR;
				CLANG_WARN_QUOTED_INCLUDE_IN_FRAMEWORK_HEADER = YES;
				CLANG_WARN_RANGE_LOOP_ANALYSIS = YES;
				CLANG_WARN_STRICT_PROTOTYPES = YES;
				CLANG_WARN_SUSPICIOUS_MOVE = YES;
				CLANG_WARN_UNGUARDED_AVAILABILITY = YES_AGGRESSIVE;
				CLANG_WARN_UNREACHABLE_CODE = YES;
				CLANG_WARN__DUPLICATE_METHOD_MATCH = YES;
				COPY_PHASE_STRIP = NO;
				DEBUG_INFORMATION_FORMAT = dwarf;
				ENABLE_STRICT_OBJC_MSGSEND = YES;
				ENABLE_TESTABILITY = YES;
				GCC_C_LANGUAGE_STANDARD = gnu11;
				GCC_DYNAMIC_NO_PIC = NO;
				GCC_NO_COMMON_BLOCKS = YES;
				GCC_OPTIMIZATION_LEVEL = 0;
				GCC_PREPROCESSOR_DEFINITIONS = (
					"DEBUG=1",
					"$(inherited)",
				);
				GCC_WARN_64_TO_32_BIT_CONVERSION = YES;
				GCC_WARN_ABOUT_RETURN_TYPE = YES_ERROR;
				GCC_WARN_UNDECLARED_SELECTOR = YES;
				GCC_WARN_UNINITIALIZED_AUTOS = YES_AGGRESSIVE;
				GCC_WARN_UNUSED_FUNCTION = YES;
				GCC_WARN_UNUSED_VARIABLE = YES;
				IPHONEOS_DEPLOYMENT_TARGET = 14.0;
				MTL_ENABLE_DEBUG_INFO = INCLUDE_SOURCE;
				MTL_FAST_MATH = YES;
				ONLY_ACTIVE_ARCH = YES;
				SDKROOT = iphoneos;
				SWIFT_ACTIVE_COMPILATION_CONDITIONS = DEBUG;
				SWIFT_OPTIMIZATION_LEVEL = "-Onone";
			};
			name = Debug;
		};
		1C5CAADF29DB1AE50053F19A /* Release */ = {
			isa = XCBuildConfiguration;
			baseConfigurationReference = 1C5CAAF629DB208A0053F19A /* Config.xcconfig */;
			buildSettings = {
				ALWAYS_SEARCH_USER_PATHS = NO;
				CLANG_ANALYZER_NONNULL = YES;
				CLANG_ANALYZER_NUMBER_OBJECT_CONVERSION = YES_AGGRESSIVE;
				CLANG_CXX_LANGUAGE_STANDARD = "gnu++20";
				CLANG_ENABLE_MODULES = YES;
				CLANG_ENABLE_OBJC_ARC = YES;
				CLANG_ENABLE_OBJC_WEAK = YES;
				CLANG_WARN_BLOCK_CAPTURE_AUTORELEASING = YES;
				CLANG_WARN_BOOL_CONVERSION = YES;
				CLANG_WARN_COMMA = YES;
				CLANG_WARN_CONSTANT_CONVERSION = YES;
				CLANG_WARN_DEPRECATED_OBJC_IMPLEMENTATIONS = YES;
				CLANG_WARN_DIRECT_OBJC_ISA_USAGE = YES_ERROR;
				CLANG_WARN_DOCUMENTATION_COMMENTS = YES;
				CLANG_WARN_EMPTY_BODY = YES;
				CLANG_WARN_ENUM_CONVERSION = YES;
				CLANG_WARN_INFINITE_RECURSION = YES;
				CLANG_WARN_INT_CONVERSION = YES;
				CLANG_WARN_NON_LITERAL_NULL_CONVERSION = YES;
				CLANG_WARN_OBJC_IMPLICIT_RETAIN_SELF = YES;
				CLANG_WARN_OBJC_LITERAL_CONVERSION = YES;
				CLANG_WARN_OBJC_ROOT_CLASS = YES_ERROR;
				CLANG_WARN_QUOTED_INCLUDE_IN_FRAMEWORK_HEADER = YES;
				CLANG_WARN_RANGE_LOOP_ANALYSIS = YES;
				CLANG_WARN_STRICT_PROTOTYPES = YES;
				CLANG_WARN_SUSPICIOUS_MOVE = YES;
				CLANG_WARN_UNGUARDED_AVAILABILITY = YES_AGGRESSIVE;
				CLANG_WARN_UNREACHABLE_CODE = YES;
				CLANG_WARN__DUPLICATE_METHOD_MATCH = YES;
				COPY_PHASE_STRIP = NO;
				DEBUG_INFORMATION_FORMAT = "dwarf-with-dsym";
				ENABLE_NS_ASSERTIONS = NO;
				ENABLE_STRICT_OBJC_MSGSEND = YES;
				GCC_C_LANGUAGE_STANDARD = gnu11;
				GCC_NO_COMMON_BLOCKS = YES;
				GCC_WARN_64_TO_32_BIT_CONVERSION = YES;
				GCC_WARN_ABOUT_RETURN_TYPE = YES_ERROR;
				GCC_WARN_UNDECLARED_SELECTOR = YES;
				GCC_WARN_UNINITIALIZED_AUTOS = YES_AGGRESSIVE;
				GCC_WARN_UNUSED_FUNCTION = YES;
				GCC_WARN_UNUSED_VARIABLE = YES;
				IPHONEOS_DEPLOYMENT_TARGET = 14.0;
				MTL_ENABLE_DEBUG_INFO = NO;
				MTL_FAST_MATH = YES;
				SDKROOT = iphoneos;
				SWIFT_COMPILATION_MODE = wholemodule;
				SWIFT_OPTIMIZATION_LEVEL = "-O";
				VALIDATE_PRODUCT = YES;
			};
			name = Release;
		};
		1C5CAAE129DB1AE50053F19A /* Debug */ = {
			isa = XCBuildConfiguration;
			baseConfigurationReference = 1C5CAAF629DB208A0053F19A /* Config.xcconfig */;
			buildSettings = {
				ASSETCATALOG_COMPILER_APPICON_NAME = AppIcon;
				ASSETCATALOG_COMPILER_GLOBAL_ACCENT_COLOR_NAME = AccentColor;
				CODE_SIGN_STYLE = Automatic;
				CURRENT_PROJECT_VERSION = 1;
				DEVELOPMENT_TEAM = W33V23332B;
				GENERATE_INFOPLIST_FILE = YES;
				INFOPLIST_FILE = Drinkin/Info.plist;
				INFOPLIST_KEY_UIApplicationSupportsIndirectInputEvents = YES;
				INFOPLIST_KEY_UILaunchStoryboardName = LaunchScreen;
				INFOPLIST_KEY_UISupportedInterfaceOrientations_iPad = "UIInterfaceOrientationPortrait UIInterfaceOrientationPortraitUpsideDown UIInterfaceOrientationLandscapeLeft UIInterfaceOrientationLandscapeRight";
				INFOPLIST_KEY_UISupportedInterfaceOrientations_iPhone = "UIInterfaceOrientationPortrait UIInterfaceOrientationLandscapeLeft UIInterfaceOrientationLandscapeRight";
				IPHONEOS_DEPLOYMENT_TARGET = 14.0;
				LD_RUNPATH_SEARCH_PATHS = (
					"$(inherited)",
					"@executable_path/Frameworks",
				);
				MARKETING_VERSION = 1.0;
				PRODUCT_BUNDLE_IDENTIFIER = sjkim.Drinkin;
				PRODUCT_NAME = "$(TARGET_NAME)";
				SWIFT_EMIT_LOC_STRINGS = YES;
				SWIFT_VERSION = 5.0;
				TARGETED_DEVICE_FAMILY = "1,2";
			};
			name = Debug;
		};
		1C5CAAE229DB1AE50053F19A /* Release */ = {
			isa = XCBuildConfiguration;
			baseConfigurationReference = 1C5CAAF629DB208A0053F19A /* Config.xcconfig */;
			buildSettings = {
				ASSETCATALOG_COMPILER_APPICON_NAME = AppIcon;
				ASSETCATALOG_COMPILER_GLOBAL_ACCENT_COLOR_NAME = AccentColor;
				CODE_SIGN_STYLE = Automatic;
				CURRENT_PROJECT_VERSION = 1;
				DEVELOPMENT_TEAM = W33V23332B;
				GENERATE_INFOPLIST_FILE = YES;
				INFOPLIST_FILE = Drinkin/Info.plist;
				INFOPLIST_KEY_UIApplicationSupportsIndirectInputEvents = YES;
				INFOPLIST_KEY_UILaunchStoryboardName = LaunchScreen;
				INFOPLIST_KEY_UISupportedInterfaceOrientations_iPad = "UIInterfaceOrientationPortrait UIInterfaceOrientationPortraitUpsideDown UIInterfaceOrientationLandscapeLeft UIInterfaceOrientationLandscapeRight";
				INFOPLIST_KEY_UISupportedInterfaceOrientations_iPhone = "UIInterfaceOrientationPortrait UIInterfaceOrientationLandscapeLeft UIInterfaceOrientationLandscapeRight";
				IPHONEOS_DEPLOYMENT_TARGET = 14.0;
				LD_RUNPATH_SEARCH_PATHS = (
					"$(inherited)",
					"@executable_path/Frameworks",
				);
				MARKETING_VERSION = 1.0;
				PRODUCT_BUNDLE_IDENTIFIER = sjkim.Drinkin;
				PRODUCT_NAME = "$(TARGET_NAME)";
				SWIFT_EMIT_LOC_STRINGS = YES;
				SWIFT_VERSION = 5.0;
				TARGETED_DEVICE_FAMILY = "1,2";
			};
			name = Release;
		};
/* End XCBuildConfiguration section */

/* Begin XCConfigurationList section */
		1C5CAAC729DB1AE30053F19A /* Build configuration list for PBXProject "Drinkin" */ = {
			isa = XCConfigurationList;
			buildConfigurations = (
				1C5CAADE29DB1AE50053F19A /* Debug */,
				1C5CAADF29DB1AE50053F19A /* Release */,
			);
			defaultConfigurationIsVisible = 0;
			defaultConfigurationName = Release;
		};
		1C5CAAE029DB1AE50053F19A /* Build configuration list for PBXNativeTarget "Drinkin" */ = {
			isa = XCConfigurationList;
			buildConfigurations = (
				1C5CAAE129DB1AE50053F19A /* Debug */,
				1C5CAAE229DB1AE50053F19A /* Release */,
			);
			defaultConfigurationIsVisible = 0;
			defaultConfigurationName = Release;
		};
/* End XCConfigurationList section */

/* Begin XCRemoteSwiftPackageReference section */
		1C0809E429E044B300265706 /* XCRemoteSwiftPackageReference "SnapKit" */ = {
			isa = XCRemoteSwiftPackageReference;
			repositoryURL = "https://github.com/SnapKit/SnapKit";
			requirement = {
				kind = upToNextMajorVersion;
				minimumVersion = 5.0.0;
			};
		};
		1C5CAAE329DB1F710053F19A /* XCRemoteSwiftPackageReference "kakao-ios-sdk" */ = {
			isa = XCRemoteSwiftPackageReference;
			repositoryURL = "https://github.com/kakao/kakao-ios-sdk";
			requirement = {
				kind = upToNextMajorVersion;
				minimumVersion = 2.0.0;
			};
		};
/* End XCRemoteSwiftPackageReference section */

/* Begin XCSwiftPackageProductDependency section */
		1C0809E529E044B300265706 /* SnapKit */ = {
			isa = XCSwiftPackageProductDependency;
			package = 1C0809E429E044B300265706 /* XCRemoteSwiftPackageReference "SnapKit" */;
			productName = SnapKit;
		};
		1C5CAAE429DB1F710053F19A /* KakaoSDK */ = {
			isa = XCSwiftPackageProductDependency;
			package = 1C5CAAE329DB1F710053F19A /* XCRemoteSwiftPackageReference "kakao-ios-sdk" */;
			productName = KakaoSDK;
		};
		1C5CAAE629DB1F710053F19A /* KakaoSDKAuth */ = {
			isa = XCSwiftPackageProductDependency;
			package = 1C5CAAE329DB1F710053F19A /* XCRemoteSwiftPackageReference "kakao-ios-sdk" */;
			productName = KakaoSDKAuth;
		};
		1C5CAAE829DB1F710053F19A /* KakaoSDKCommon */ = {
			isa = XCSwiftPackageProductDependency;
			package = 1C5CAAE329DB1F710053F19A /* XCRemoteSwiftPackageReference "kakao-ios-sdk" */;
			productName = KakaoSDKCommon;
		};
		1C5CAAEA29DB1F710053F19A /* KakaoSDKNavi */ = {
			isa = XCSwiftPackageProductDependency;
			package = 1C5CAAE329DB1F710053F19A /* XCRemoteSwiftPackageReference "kakao-ios-sdk" */;
			productName = KakaoSDKNavi;
		};
		1C5CAAEC29DB1F710053F19A /* KakaoSDKShare */ = {
			isa = XCSwiftPackageProductDependency;
			package = 1C5CAAE329DB1F710053F19A /* XCRemoteSwiftPackageReference "kakao-ios-sdk" */;
			productName = KakaoSDKShare;
		};
		1C5CAAEE29DB1F710053F19A /* KakaoSDKStory */ = {
			isa = XCSwiftPackageProductDependency;
			package = 1C5CAAE329DB1F710053F19A /* XCRemoteSwiftPackageReference "kakao-ios-sdk" */;
			productName = KakaoSDKStory;
		};
		1C5CAAF029DB1F710053F19A /* KakaoSDKTalk */ = {
			isa = XCSwiftPackageProductDependency;
			package = 1C5CAAE329DB1F710053F19A /* XCRemoteSwiftPackageReference "kakao-ios-sdk" */;
			productName = KakaoSDKTalk;
		};
		1C5CAAF229DB1F710053F19A /* KakaoSDKTemplate */ = {
			isa = XCSwiftPackageProductDependency;
			package = 1C5CAAE329DB1F710053F19A /* XCRemoteSwiftPackageReference "kakao-ios-sdk" */;
			productName = KakaoSDKTemplate;
		};
		1C5CAAF429DB1F710053F19A /* KakaoSDKUser */ = {
			isa = XCSwiftPackageProductDependency;
			package = 1C5CAAE329DB1F710053F19A /* XCRemoteSwiftPackageReference "kakao-ios-sdk" */;
			productName = KakaoSDKUser;
		};
/* End XCSwiftPackageProductDependency section */
	};
	rootObject = 1C5CAAC429DB1AE30053F19A /* Project object */;
}
